// !$*UTF8*$!
{
	archiveVersion = 1;
	classes = {
	};
	objectVersion = 55;
	objects = {

/* Begin PBXBuildFile section */
		10D45721496F509CA15C305A /* Pods_HonestMateTests.framework in Frameworks */ = {isa = PBXBuildFile; fileRef = 14048C7F83BC590EDFC6DC61 /* Pods_HonestMateTests.framework */; };
		1809E98B2913CD2F000AC4D6 /* HistoryView_UITests.swift in Sources */ = {isa = PBXBuildFile; fileRef = 1809E98A2913CD2F000AC4D6 /* HistoryView_UITests.swift */; };
		1816E42528FEB24600BA9EE1 /* NavigationRoute.swift in Sources */ = {isa = PBXBuildFile; fileRef = 1816E42428FEB24600BA9EE1 /* NavigationRoute.swift */; };
		1816E42A28FEB4DB00BA9EE1 /* HomeRoute.swift in Sources */ = {isa = PBXBuildFile; fileRef = 1816E42928FEB4DB00BA9EE1 /* HomeRoute.swift */; };
		1816E42C28FEECA100BA9EE1 /* HistoryRoute.swift in Sources */ = {isa = PBXBuildFile; fileRef = 1816E42B28FEECA100BA9EE1 /* HistoryRoute.swift */; };
		1816E42E28FEECB800BA9EE1 /* SignInRoute.swift in Sources */ = {isa = PBXBuildFile; fileRef = 1816E42D28FEECB800BA9EE1 /* SignInRoute.swift */; };
		1816E43028FF007600BA9EE1 /* ProfileRoute.swift in Sources */ = {isa = PBXBuildFile; fileRef = 1816E42F28FF007600BA9EE1 /* ProfileRoute.swift */; };
		1816E43228FF08B200BA9EE1 /* NavigationState.swift in Sources */ = {isa = PBXBuildFile; fileRef = 1816E43128FF08B200BA9EE1 /* NavigationState.swift */; };
		1816E43428FF0ED000BA9EE1 /* AnyCancellable.swift in Sources */ = {isa = PBXBuildFile; fileRef = 1816E43328FF0ED000BA9EE1 /* AnyCancellable.swift */; };
		1816E4392900141800BA9EE1 /* View+Ext.swift in Sources */ = {isa = PBXBuildFile; fileRef = 1816E4382900141800BA9EE1 /* View+Ext.swift */; };
		1816E43B29004B3200BA9EE1 /* WeakAssign.swift in Sources */ = {isa = PBXBuildFile; fileRef = 1816E43A29004B3200BA9EE1 /* WeakAssign.swift */; };
		181AB52C290945DF00645AC8 /* BasicDivider.swift in Sources */ = {isa = PBXBuildFile; fileRef = 181AB52B290945DF00645AC8 /* BasicDivider.swift */; };
		181AB52E2909492300645AC8 /* DetailView.swift in Sources */ = {isa = PBXBuildFile; fileRef = 181AB52D2909492300645AC8 /* DetailView.swift */; };
		182466AA28F5D54500572A11 /* HistoryViewModel.swift in Sources */ = {isa = PBXBuildFile; fileRef = 182466A928F5D54500572A11 /* HistoryViewModel.swift */; };
		182466AE28F6B2F700572A11 /* SnapshotPublisher.swift in Sources */ = {isa = PBXBuildFile; fileRef = 182466AD28F6B2F700572A11 /* SnapshotPublisher.swift */; };
		182466B328F6F89100572A11 /* UserIdentifier.swift in Sources */ = {isa = PBXBuildFile; fileRef = 182466B228F6F89100572A11 /* UserIdentifier.swift */; };
		182466B528F6F8CC00572A11 /* UserName.swift in Sources */ = {isa = PBXBuildFile; fileRef = 182466B428F6F8CC00572A11 /* UserName.swift */; };
		183543CB28D4C0E400FDEEA2 /* ReceiverView.swift in Sources */ = {isa = PBXBuildFile; fileRef = 183543CA28D4C0E400FDEEA2 /* ReceiverView.swift */; };
		183543CD28D4C11800FDEEA2 /* MemberModel.swift in Sources */ = {isa = PBXBuildFile; fileRef = 183543CC28D4C11800FDEEA2 /* MemberModel.swift */; };
		183543CF28D4C16F00FDEEA2 /* MockData.swift in Sources */ = {isa = PBXBuildFile; fileRef = 183543CE28D4C16F00FDEEA2 /* MockData.swift */; };
		183543D128D4C26A00FDEEA2 /* CheckboxView.swift in Sources */ = {isa = PBXBuildFile; fileRef = 183543D028D4C26A00FDEEA2 /* CheckboxView.swift */; };
		183543D328D8B13900FDEEA2 /* UIApplication+Ext.swift in Sources */ = {isa = PBXBuildFile; fileRef = 183543D228D8B13900FDEEA2 /* UIApplication+Ext.swift */; };
		183543D528D9BA3400FDEEA2 /* Binding+Ext.swift in Sources */ = {isa = PBXBuildFile; fileRef = 183543D428D9BA3400FDEEA2 /* Binding+Ext.swift */; };
		184791DC28C0CCCB00BF9717 /* GoogleService-Info.plist in Resources */ = {isa = PBXBuildFile; fileRef = 184791DB28C0CCCB00BF9717 /* GoogleService-Info.plist */; };
		184791DF28C0EFB800BF9717 /* HotestMateApp+Resolving.swift in Sources */ = {isa = PBXBuildFile; fileRef = 184791DE28C0EFB800BF9717 /* HotestMateApp+Resolving.swift */; };
		184791E228C0F14C00BF9717 /* SignInView.swift in Sources */ = {isa = PBXBuildFile; fileRef = 184791E128C0F14C00BF9717 /* SignInView.swift */; };
		184791E428C0F16C00BF9717 /* SignInViewModel.swift in Sources */ = {isa = PBXBuildFile; fileRef = 184791E328C0F16C00BF9717 /* SignInViewModel.swift */; };
		184791E828C1090000BF9717 /* RSwift+Ext.swift in Sources */ = {isa = PBXBuildFile; fileRef = 184791E728C1090000BF9717 /* RSwift+Ext.swift */; };
		184791EB28C109E400BF9717 /* RoundedTextButton.swift in Sources */ = {isa = PBXBuildFile; fileRef = 184791EA28C109E400BF9717 /* RoundedTextButton.swift */; };
		184791F028C1F88000BF9717 /* R.generated.swift in Sources */ = {isa = PBXBuildFile; fileRef = 184791EF28C1F88000BF9717 /* R.generated.swift */; };
		184791F228C1F8BB00BF9717 /* Localizable.strings in Resources */ = {isa = PBXBuildFile; fileRef = 184791F128C1F8BB00BF9717 /* Localizable.strings */; };
		184791F428C206C500BF9717 /* AuthService.swift in Sources */ = {isa = PBXBuildFile; fileRef = 184791F328C206C400BF9717 /* AuthService.swift */; };
		184C4EA72907DF3300F68E02 /* BalanceModel.swift in Sources */ = {isa = PBXBuildFile; fileRef = 184C4EA62907DF3300F68E02 /* BalanceModel.swift */; };
		184C4EA92907F85000F68E02 /* HonestMateTabViewModel.swift in Sources */ = {isa = PBXBuildFile; fileRef = 184C4EA82907F85000F68E02 /* HonestMateTabViewModel.swift */; };
		184C4EAE2907FDF400F68E02 /* SelectPayerView.swift in Sources */ = {isa = PBXBuildFile; fileRef = 184C4EAD2907FDF400F68E02 /* SelectPayerView.swift */; };
		184C4EB02907FE0300F68E02 /* SelectPayerViewModel.swift in Sources */ = {isa = PBXBuildFile; fileRef = 184C4EAF2907FE0300F68E02 /* SelectPayerViewModel.swift */; };
		184C4EB22908269900F68E02 /* PayerView.swift in Sources */ = {isa = PBXBuildFile; fileRef = 184C4EB12908269900F68E02 /* PayerView.swift */; };
		184C4EB52908522100F68E02 /* ExpenseDetailsView.swift in Sources */ = {isa = PBXBuildFile; fileRef = 184C4EB42908522100F68E02 /* ExpenseDetailsView.swift */; };
		184C4EB72908522D00F68E02 /* ExpenseDetailsViewModel.swift in Sources */ = {isa = PBXBuildFile; fileRef = 184C4EB62908522D00F68E02 /* ExpenseDetailsViewModel.swift */; };
		1858A1BD28C21A940039246A /* AlertItem.swift in Sources */ = {isa = PBXBuildFile; fileRef = 1858A1BC28C21A940039246A /* AlertItem.swift */; };
		1858E14F28C6061500521ED8 /* TextFieldCustomRoundStyle.swift in Sources */ = {isa = PBXBuildFile; fileRef = 1858E14E28C6061400521ED8 /* TextFieldCustomRoundStyle.swift */; };
		1858E15228C60EBA00521ED8 /* MyEventsView.swift in Sources */ = {isa = PBXBuildFile; fileRef = 1858E15128C60EBA00521ED8 /* MyEventsView.swift */; };
		1858E15428C60F0B00521ED8 /* MyEventsViewModel.swift in Sources */ = {isa = PBXBuildFile; fileRef = 1858E15328C60F0B00521ED8 /* MyEventsViewModel.swift */; };
		185F421528CB44A700628DDC /* RemoteConfigService.swift in Sources */ = {isa = PBXBuildFile; fileRef = 185F421428CB44A700628DDC /* RemoteConfigService.swift */; };
		185F421B28CB867B00628DDC /* SplashViewModel.swift in Sources */ = {isa = PBXBuildFile; fileRef = 185F421A28CB867B00628DDC /* SplashViewModel.swift */; };
		185F421D28CB8F1000628DDC /* AppConfig.swift in Sources */ = {isa = PBXBuildFile; fileRef = 185F421C28CB8F1000628DDC /* AppConfig.swift */; };
		185F422628CF350000628DDC /* appConfig.plist in Resources */ = {isa = PBXBuildFile; fileRef = 185F422528CF34FF00628DDC /* appConfig.plist */; };
		185F422828CF855B00628DDC /* EnvironmentConstants.swift in Sources */ = {isa = PBXBuildFile; fileRef = 185F422728CF855B00628DDC /* EnvironmentConstants.swift */; };
		185F422B28D0DCDE00628DDC /* SignInView_UITests.swift in Sources */ = {isa = PBXBuildFile; fileRef = 185F422A28D0DCDE00628DDC /* SignInView_UITests.swift */; };
		185F422C28D0E0E800628DDC /* Constants.swift in Sources */ = {isa = PBXBuildFile; fileRef = 18BA855428CA3E3300F8DC2A /* Constants.swift */; };
		185F423028D21F7800628DDC /* RemoteConfigMock.swift in Sources */ = {isa = PBXBuildFile; fileRef = 185F422F28D21F7800628DDC /* RemoteConfigMock.swift */; };
		185F423228D31C1000628DDC /* AuthServiceMock.swift in Sources */ = {isa = PBXBuildFile; fileRef = 185F423128D31C1000628DDC /* AuthServiceMock.swift */; };
		185F423428D323BE00628DDC /* AppStateMock.swift in Sources */ = {isa = PBXBuildFile; fileRef = 185F423328D323BE00628DDC /* AppStateMock.swift */; };
		185F423728D3374700628DDC /* SignInViewModel_Tests.swift in Sources */ = {isa = PBXBuildFile; fileRef = 185F423628D3374700628DDC /* SignInViewModel_Tests.swift */; };
		185F423928D34DD700628DDC /* HonestMateTabView.swift in Sources */ = {isa = PBXBuildFile; fileRef = 185F423828D34DD700628DDC /* HonestMateTabView.swift */; };
		185F423C28D34E6F00628DDC /* MyProfileView.swift in Sources */ = {isa = PBXBuildFile; fileRef = 185F423B28D34E6F00628DDC /* MyProfileView.swift */; };
		185F423F28D34E9000628DDC /* HistoryView.swift in Sources */ = {isa = PBXBuildFile; fileRef = 185F423E28D34E9000628DDC /* HistoryView.swift */; };
		185F424128D35C2500628DDC /* MyProfileViewModel.swift in Sources */ = {isa = PBXBuildFile; fileRef = 185F424028D35C2500628DDC /* MyProfileViewModel.swift */; };
		186FD74528C79D39004B5156 /* AuthPublisher.swift in Sources */ = {isa = PBXBuildFile; fileRef = 186FD74428C79D39004B5156 /* AuthPublisher.swift */; };
		1879862828F5CC9600E5AC34 /* HistoryItemView.swift in Sources */ = {isa = PBXBuildFile; fileRef = 1879862728F5CC9600E5AC34 /* HistoryItemView.swift */; };
		1888B697290BF0CC004C90A5 /* HistoryViewModel_Tests.swift in Sources */ = {isa = PBXBuildFile; fileRef = 1888B696290BF0CC004C90A5 /* HistoryViewModel_Tests.swift */; };
		1888B699290BF1F3004C90A5 /* GroupsServiceMock.swift in Sources */ = {isa = PBXBuildFile; fileRef = 1888B698290BF1F3004C90A5 /* GroupsServiceMock.swift */; };
		1888B69B290BF40B004C90A5 /* ExpensesServiceMock.swift in Sources */ = {isa = PBXBuildFile; fileRef = 1888B69A290BF40B004C90A5 /* ExpensesServiceMock.swift */; };
		1888B69D290FE1DD004C90A5 /* NavigationStateMock.swift in Sources */ = {isa = PBXBuildFile; fileRef = 1888B69C290FE1DD004C90A5 /* NavigationStateMock.swift */; };
		18A4D4D128D3830000BA2793 /* SelectExpenseTypeView.swift in Sources */ = {isa = PBXBuildFile; fileRef = 18A4D4D028D3830000BA2793 /* SelectExpenseTypeView.swift */; };
		18A4D4D328D3830F00BA2793 /* SelectExpenseTypeViewModel.swift in Sources */ = {isa = PBXBuildFile; fileRef = 18A4D4D228D3830F00BA2793 /* SelectExpenseTypeViewModel.swift */; };
		18A4D4D628D383DD00BA2793 /* ExpenseTypeView.swift in Sources */ = {isa = PBXBuildFile; fileRef = 18A4D4D528D383DD00BA2793 /* ExpenseTypeView.swift */; };
		18A4D4D828D384BA00BA2793 /* ExpenseCategory.swift in Sources */ = {isa = PBXBuildFile; fileRef = 18A4D4D728D384BA00BA2793 /* ExpenseCategory.swift */; };
		18A4D4DB28D47AD000BA2793 /* NewExpenseView.swift in Sources */ = {isa = PBXBuildFile; fileRef = 18A4D4DA28D47AD000BA2793 /* NewExpenseView.swift */; };
		18A4D4DD28D47AE300BA2793 /* NewExpenseViewModel.swift in Sources */ = {isa = PBXBuildFile; fileRef = 18A4D4DC28D47AE300BA2793 /* NewExpenseViewModel.swift */; };
		18A861B328FD6D5E0056D748 /* DocumentPublisher.swift in Sources */ = {isa = PBXBuildFile; fileRef = 18A861B228FD6D5E0056D748 /* DocumentPublisher.swift */; };
		18A861B628FD733F0056D748 /* GroupView.swift in Sources */ = {isa = PBXBuildFile; fileRef = 18A861B528FD733F0056D748 /* GroupView.swift */; };
		18BA855528CA3E3300F8DC2A /* Constants.swift in Sources */ = {isa = PBXBuildFile; fileRef = 18BA855428CA3E3300F8DC2A /* Constants.swift */; };
		18BA855728CA48B700F8DC2A /* AppState.swift in Sources */ = {isa = PBXBuildFile; fileRef = 18BA855628CA48B700F8DC2A /* AppState.swift */; };
		18BA855A28CB301600F8DC2A /* SplashView.swift in Sources */ = {isa = PBXBuildFile; fileRef = 18BA855928CB301600F8DC2A /* SplashView.swift */; };
		18C0338829018D2C0040DBBE /* Color+Ext.swift in Sources */ = {isa = PBXBuildFile; fileRef = 18C0338729018D2C0040DBBE /* Color+Ext.swift */; };
		18C0338A2902AE6F0040DBBE /* ExpenseType.swift in Sources */ = {isa = PBXBuildFile; fileRef = 18C033892902AE6F0040DBBE /* ExpenseType.swift */; };
		18C4F27229142BCC000E8136 /* ExpenseDetails_UITests.swift in Sources */ = {isa = PBXBuildFile; fileRef = 18C4F27129142BCC000E8136 /* ExpenseDetails_UITests.swift */; };
		18D018DC2912815100A0971C /* ExpenseDetailsViewModel_Tests.swift in Sources */ = {isa = PBXBuildFile; fileRef = 18D018DB2912815100A0971C /* ExpenseDetailsViewModel_Tests.swift */; };
		18D49A3228F08CB60022087D /* ExpensesService.swift in Sources */ = {isa = PBXBuildFile; fileRef = 18D49A3128F08CB60022087D /* ExpensesService.swift */; };
		18D49A3428F091E40022087D /* ExpenseModel.swift in Sources */ = {isa = PBXBuildFile; fileRef = 18D49A3328F091E40022087D /* ExpenseModel.swift */; };
		18E6EF7E28F8542D0061DE8D /* ChooseGroupView.swift in Sources */ = {isa = PBXBuildFile; fileRef = 18E6EF7D28F8542D0061DE8D /* ChooseGroupView.swift */; };
		18E6EF8028F8543B0061DE8D /* ChooseGroupViewModel.swift in Sources */ = {isa = PBXBuildFile; fileRef = 18E6EF7F28F8543B0061DE8D /* ChooseGroupViewModel.swift */; };
		18E6EF8228F85B210061DE8D /* GroupModel.swift in Sources */ = {isa = PBXBuildFile; fileRef = 18E6EF8128F85B210061DE8D /* GroupModel.swift */; };
		18E6EF8428F85DC60061DE8D /* GroupsService.swift in Sources */ = {isa = PBXBuildFile; fileRef = 18E6EF8328F85DC60061DE8D /* GroupsService.swift */; };
		18E6EF8628F884B30061DE8D /* UserInfoModel.swift in Sources */ = {isa = PBXBuildFile; fileRef = 18E6EF8528F884B30061DE8D /* UserInfoModel.swift */; };
		18E6EF8928F9B3480061DE8D /* Clearable.swift in Sources */ = {isa = PBXBuildFile; fileRef = 18E6EF8828F9B3480061DE8D /* Clearable.swift */; };
		18F728D728B91057002D071F /* HonestMateApp.swift in Sources */ = {isa = PBXBuildFile; fileRef = 18F728D628B91057002D071F /* HonestMateApp.swift */; };
		18F728D928B91057002D071F /* ContentView.swift in Sources */ = {isa = PBXBuildFile; fileRef = 18F728D828B91057002D071F /* ContentView.swift */; };
		18F728DB28B91059002D071F /* Assets.xcassets in Resources */ = {isa = PBXBuildFile; fileRef = 18F728DA28B91059002D071F /* Assets.xcassets */; };
		18F728DE28B91059002D071F /* Preview Assets.xcassets in Resources */ = {isa = PBXBuildFile; fileRef = 18F728DD28B91059002D071F /* Preview Assets.xcassets */; };
		18F728E828B91059002D071F /* HonestMateTests.swift in Sources */ = {isa = PBXBuildFile; fileRef = 18F728E728B91059002D071F /* HonestMateTests.swift */; };
		18F728F428B91059002D071F /* HonestMateUITestsLaunchTests.swift in Sources */ = {isa = PBXBuildFile; fileRef = 18F728F328B91059002D071F /* HonestMateUITestsLaunchTests.swift */; };
		18F7290328BCB2B6002D071F /* pullRequest.yml in Resources */ = {isa = PBXBuildFile; fileRef = 18F7290228BCB2B6002D071F /* pullRequest.yml */; };
		18F7290528BCB383002D071F /* Gemfile in Sources */ = {isa = PBXBuildFile; fileRef = 18F7290428BCB383002D071F /* Gemfile */; };
		18F7290828BCB432002D071F /* Fastfile in Sources */ = {isa = PBXBuildFile; fileRef = 18F7290728BCB432002D071F /* Fastfile */; };
		18F7290A28BCB4E6002D071F /* Scanfile in Sources */ = {isa = PBXBuildFile; fileRef = 18F7290928BCB4E6002D071F /* Scanfile */; };
		233B6CB5D2377C543375E3EC /* Pods_HonestMate_HonestMateUITests.framework in Frameworks */ = {isa = PBXBuildFile; fileRef = 71B83DD27872A4B4968D0AEA /* Pods_HonestMate_HonestMateUITests.framework */; };
		9DEBB23499EC31FB2CDD0666 /* Pods_HonestMate.framework in Frameworks */ = {isa = PBXBuildFile; fileRef = CFED40C5DE85C4499F827741 /* Pods_HonestMate.framework */; };
/* End PBXBuildFile section */

/* Begin PBXContainerItemProxy section */
		18F728E428B91059002D071F /* PBXContainerItemProxy */ = {
			isa = PBXContainerItemProxy;
			containerPortal = 18F728CB28B91056002D071F /* Project object */;
			proxyType = 1;
			remoteGlobalIDString = 18F728D228B91057002D071F;
			remoteInfo = HonestMate;
		};
		18F728EE28B91059002D071F /* PBXContainerItemProxy */ = {
			isa = PBXContainerItemProxy;
			containerPortal = 18F728CB28B91056002D071F /* Project object */;
			proxyType = 1;
			remoteGlobalIDString = 18F728D228B91057002D071F;
			remoteInfo = HonestMate;
		};
/* End PBXContainerItemProxy section */

/* Begin PBXFileReference section */
		0F446593694CA01444E1A173 /* Pods-HonestMate.debug.xcconfig */ = {isa = PBXFileReference; includeInIndex = 1; lastKnownFileType = text.xcconfig; name = "Pods-HonestMate.debug.xcconfig"; path = "Target Support Files/Pods-HonestMate/Pods-HonestMate.debug.xcconfig"; sourceTree = "<group>"; };
		14048C7F83BC590EDFC6DC61 /* Pods_HonestMateTests.framework */ = {isa = PBXFileReference; explicitFileType = wrapper.framework; includeInIndex = 0; path = Pods_HonestMateTests.framework; sourceTree = BUILT_PRODUCTS_DIR; };
		1809E98A2913CD2F000AC4D6 /* HistoryView_UITests.swift */ = {isa = PBXFileReference; lastKnownFileType = sourcecode.swift; path = HistoryView_UITests.swift; sourceTree = "<group>"; };
		1816E42428FEB24600BA9EE1 /* NavigationRoute.swift */ = {isa = PBXFileReference; lastKnownFileType = sourcecode.swift; path = NavigationRoute.swift; sourceTree = "<group>"; };
		1816E42928FEB4DB00BA9EE1 /* HomeRoute.swift */ = {isa = PBXFileReference; lastKnownFileType = sourcecode.swift; path = HomeRoute.swift; sourceTree = "<group>"; };
		1816E42B28FEECA100BA9EE1 /* HistoryRoute.swift */ = {isa = PBXFileReference; lastKnownFileType = sourcecode.swift; path = HistoryRoute.swift; sourceTree = "<group>"; };
		1816E42D28FEECB800BA9EE1 /* SignInRoute.swift */ = {isa = PBXFileReference; lastKnownFileType = sourcecode.swift; path = SignInRoute.swift; sourceTree = "<group>"; };
		1816E42F28FF007600BA9EE1 /* ProfileRoute.swift */ = {isa = PBXFileReference; lastKnownFileType = sourcecode.swift; path = ProfileRoute.swift; sourceTree = "<group>"; };
		1816E43128FF08B200BA9EE1 /* NavigationState.swift */ = {isa = PBXFileReference; lastKnownFileType = sourcecode.swift; path = NavigationState.swift; sourceTree = "<group>"; };
		1816E43328FF0ED000BA9EE1 /* AnyCancellable.swift */ = {isa = PBXFileReference; lastKnownFileType = sourcecode.swift; path = AnyCancellable.swift; sourceTree = "<group>"; };
		1816E4382900141800BA9EE1 /* View+Ext.swift */ = {isa = PBXFileReference; lastKnownFileType = sourcecode.swift; path = "View+Ext.swift"; sourceTree = "<group>"; };
		1816E43A29004B3200BA9EE1 /* WeakAssign.swift */ = {isa = PBXFileReference; lastKnownFileType = sourcecode.swift; path = WeakAssign.swift; sourceTree = "<group>"; };
		181AB52B290945DF00645AC8 /* BasicDivider.swift */ = {isa = PBXFileReference; lastKnownFileType = sourcecode.swift; path = BasicDivider.swift; sourceTree = "<group>"; };
		181AB52D2909492300645AC8 /* DetailView.swift */ = {isa = PBXFileReference; lastKnownFileType = sourcecode.swift; path = DetailView.swift; sourceTree = "<group>"; };
		182466A928F5D54500572A11 /* HistoryViewModel.swift */ = {isa = PBXFileReference; lastKnownFileType = sourcecode.swift; path = HistoryViewModel.swift; sourceTree = "<group>"; };
		182466AD28F6B2F700572A11 /* SnapshotPublisher.swift */ = {isa = PBXFileReference; lastKnownFileType = sourcecode.swift; path = SnapshotPublisher.swift; sourceTree = "<group>"; };
		182466B228F6F89100572A11 /* UserIdentifier.swift */ = {isa = PBXFileReference; lastKnownFileType = sourcecode.swift; path = UserIdentifier.swift; sourceTree = "<group>"; };
		182466B428F6F8CC00572A11 /* UserName.swift */ = {isa = PBXFileReference; lastKnownFileType = sourcecode.swift; path = UserName.swift; sourceTree = "<group>"; };
		183543CA28D4C0E400FDEEA2 /* ReceiverView.swift */ = {isa = PBXFileReference; lastKnownFileType = sourcecode.swift; path = ReceiverView.swift; sourceTree = "<group>"; };
		183543CC28D4C11800FDEEA2 /* MemberModel.swift */ = {isa = PBXFileReference; lastKnownFileType = sourcecode.swift; path = MemberModel.swift; sourceTree = "<group>"; };
		183543CE28D4C16F00FDEEA2 /* MockData.swift */ = {isa = PBXFileReference; lastKnownFileType = sourcecode.swift; path = MockData.swift; sourceTree = "<group>"; };
		183543D028D4C26A00FDEEA2 /* CheckboxView.swift */ = {isa = PBXFileReference; lastKnownFileType = sourcecode.swift; path = CheckboxView.swift; sourceTree = "<group>"; };
		183543D228D8B13900FDEEA2 /* UIApplication+Ext.swift */ = {isa = PBXFileReference; lastKnownFileType = sourcecode.swift; path = "UIApplication+Ext.swift"; sourceTree = "<group>"; };
		183543D428D9BA3400FDEEA2 /* Binding+Ext.swift */ = {isa = PBXFileReference; lastKnownFileType = sourcecode.swift; path = "Binding+Ext.swift"; sourceTree = "<group>"; };
		184791DB28C0CCCB00BF9717 /* GoogleService-Info.plist */ = {isa = PBXFileReference; fileEncoding = 4; lastKnownFileType = text.plist.xml; path = "GoogleService-Info.plist"; sourceTree = "<group>"; };
		184791DE28C0EFB800BF9717 /* HotestMateApp+Resolving.swift */ = {isa = PBXFileReference; lastKnownFileType = sourcecode.swift; path = "HotestMateApp+Resolving.swift"; sourceTree = "<group>"; };
		184791E128C0F14C00BF9717 /* SignInView.swift */ = {isa = PBXFileReference; lastKnownFileType = sourcecode.swift; path = SignInView.swift; sourceTree = "<group>"; };
		184791E328C0F16C00BF9717 /* SignInViewModel.swift */ = {isa = PBXFileReference; lastKnownFileType = sourcecode.swift; path = SignInViewModel.swift; sourceTree = "<group>"; };
		184791E728C1090000BF9717 /* RSwift+Ext.swift */ = {isa = PBXFileReference; lastKnownFileType = sourcecode.swift; path = "RSwift+Ext.swift"; sourceTree = "<group>"; };
		184791EA28C109E400BF9717 /* RoundedTextButton.swift */ = {isa = PBXFileReference; lastKnownFileType = sourcecode.swift; path = RoundedTextButton.swift; sourceTree = "<group>"; };
		184791EF28C1F88000BF9717 /* R.generated.swift */ = {isa = PBXFileReference; fileEncoding = 4; lastKnownFileType = sourcecode.swift; path = R.generated.swift; sourceTree = "<group>"; };
		184791F128C1F8BB00BF9717 /* Localizable.strings */ = {isa = PBXFileReference; lastKnownFileType = text.plist.strings; path = Localizable.strings; sourceTree = "<group>"; };
		184791F328C206C400BF9717 /* AuthService.swift */ = {isa = PBXFileReference; lastKnownFileType = sourcecode.swift; path = AuthService.swift; sourceTree = "<group>"; };
		184C4EA62907DF3300F68E02 /* BalanceModel.swift */ = {isa = PBXFileReference; lastKnownFileType = sourcecode.swift; path = BalanceModel.swift; sourceTree = "<group>"; };
		184C4EA82907F85000F68E02 /* HonestMateTabViewModel.swift */ = {isa = PBXFileReference; lastKnownFileType = sourcecode.swift; path = HonestMateTabViewModel.swift; sourceTree = "<group>"; };
		184C4EAD2907FDF400F68E02 /* SelectPayerView.swift */ = {isa = PBXFileReference; lastKnownFileType = sourcecode.swift; path = SelectPayerView.swift; sourceTree = "<group>"; };
		184C4EAF2907FE0300F68E02 /* SelectPayerViewModel.swift */ = {isa = PBXFileReference; lastKnownFileType = sourcecode.swift; path = SelectPayerViewModel.swift; sourceTree = "<group>"; };
		184C4EB12908269900F68E02 /* PayerView.swift */ = {isa = PBXFileReference; lastKnownFileType = sourcecode.swift; path = PayerView.swift; sourceTree = "<group>"; };
		184C4EB42908522100F68E02 /* ExpenseDetailsView.swift */ = {isa = PBXFileReference; lastKnownFileType = sourcecode.swift; path = ExpenseDetailsView.swift; sourceTree = "<group>"; };
		184C4EB62908522D00F68E02 /* ExpenseDetailsViewModel.swift */ = {isa = PBXFileReference; lastKnownFileType = sourcecode.swift; path = ExpenseDetailsViewModel.swift; sourceTree = "<group>"; };
		1858A1BC28C21A940039246A /* AlertItem.swift */ = {isa = PBXFileReference; lastKnownFileType = sourcecode.swift; path = AlertItem.swift; sourceTree = "<group>"; };
		1858E14E28C6061400521ED8 /* TextFieldCustomRoundStyle.swift */ = {isa = PBXFileReference; lastKnownFileType = sourcecode.swift; path = TextFieldCustomRoundStyle.swift; sourceTree = "<group>"; };
		1858E15128C60EBA00521ED8 /* MyEventsView.swift */ = {isa = PBXFileReference; lastKnownFileType = sourcecode.swift; path = MyEventsView.swift; sourceTree = "<group>"; };
		1858E15328C60F0B00521ED8 /* MyEventsViewModel.swift */ = {isa = PBXFileReference; lastKnownFileType = sourcecode.swift; path = MyEventsViewModel.swift; sourceTree = "<group>"; };
		185F421428CB44A700628DDC /* RemoteConfigService.swift */ = {isa = PBXFileReference; lastKnownFileType = sourcecode.swift; path = RemoteConfigService.swift; sourceTree = "<group>"; };
		185F421A28CB867B00628DDC /* SplashViewModel.swift */ = {isa = PBXFileReference; lastKnownFileType = sourcecode.swift; path = SplashViewModel.swift; sourceTree = "<group>"; };
		185F421C28CB8F1000628DDC /* AppConfig.swift */ = {isa = PBXFileReference; lastKnownFileType = sourcecode.swift; path = AppConfig.swift; sourceTree = "<group>"; };
		185F422528CF34FF00628DDC /* appConfig.plist */ = {isa = PBXFileReference; lastKnownFileType = text.plist.xml; path = appConfig.plist; sourceTree = "<group>"; };
		185F422728CF855B00628DDC /* EnvironmentConstants.swift */ = {isa = PBXFileReference; lastKnownFileType = sourcecode.swift; path = EnvironmentConstants.swift; sourceTree = "<group>"; };
		185F422A28D0DCDE00628DDC /* SignInView_UITests.swift */ = {isa = PBXFileReference; lastKnownFileType = sourcecode.swift; path = SignInView_UITests.swift; sourceTree = "<group>"; };
		185F422F28D21F7800628DDC /* RemoteConfigMock.swift */ = {isa = PBXFileReference; lastKnownFileType = sourcecode.swift; path = RemoteConfigMock.swift; sourceTree = "<group>"; };
		185F423128D31C1000628DDC /* AuthServiceMock.swift */ = {isa = PBXFileReference; lastKnownFileType = sourcecode.swift; path = AuthServiceMock.swift; sourceTree = "<group>"; };
		185F423328D323BE00628DDC /* AppStateMock.swift */ = {isa = PBXFileReference; lastKnownFileType = sourcecode.swift; path = AppStateMock.swift; sourceTree = "<group>"; };
		185F423628D3374700628DDC /* SignInViewModel_Tests.swift */ = {isa = PBXFileReference; lastKnownFileType = sourcecode.swift; path = SignInViewModel_Tests.swift; sourceTree = "<group>"; };
		185F423828D34DD700628DDC /* HonestMateTabView.swift */ = {isa = PBXFileReference; lastKnownFileType = sourcecode.swift; path = HonestMateTabView.swift; sourceTree = "<group>"; };
		185F423B28D34E6F00628DDC /* MyProfileView.swift */ = {isa = PBXFileReference; lastKnownFileType = sourcecode.swift; path = MyProfileView.swift; sourceTree = "<group>"; };
		185F423E28D34E9000628DDC /* HistoryView.swift */ = {isa = PBXFileReference; lastKnownFileType = sourcecode.swift; path = HistoryView.swift; sourceTree = "<group>"; };
		185F424028D35C2500628DDC /* MyProfileViewModel.swift */ = {isa = PBXFileReference; lastKnownFileType = sourcecode.swift; path = MyProfileViewModel.swift; sourceTree = "<group>"; };
		186FD74428C79D39004B5156 /* AuthPublisher.swift */ = {isa = PBXFileReference; lastKnownFileType = sourcecode.swift; path = AuthPublisher.swift; sourceTree = "<group>"; };
		1879862728F5CC9600E5AC34 /* HistoryItemView.swift */ = {isa = PBXFileReference; lastKnownFileType = sourcecode.swift; path = HistoryItemView.swift; sourceTree = "<group>"; };
		1888B696290BF0CC004C90A5 /* HistoryViewModel_Tests.swift */ = {isa = PBXFileReference; lastKnownFileType = sourcecode.swift; path = HistoryViewModel_Tests.swift; sourceTree = "<group>"; };
		1888B698290BF1F3004C90A5 /* GroupsServiceMock.swift */ = {isa = PBXFileReference; lastKnownFileType = sourcecode.swift; path = GroupsServiceMock.swift; sourceTree = "<group>"; };
		1888B69A290BF40B004C90A5 /* ExpensesServiceMock.swift */ = {isa = PBXFileReference; lastKnownFileType = sourcecode.swift; path = ExpensesServiceMock.swift; sourceTree = "<group>"; };
		1888B69C290FE1DD004C90A5 /* NavigationStateMock.swift */ = {isa = PBXFileReference; lastKnownFileType = sourcecode.swift; path = NavigationStateMock.swift; sourceTree = "<group>"; };
		18A4D4D028D3830000BA2793 /* SelectExpenseTypeView.swift */ = {isa = PBXFileReference; lastKnownFileType = sourcecode.swift; path = SelectExpenseTypeView.swift; sourceTree = "<group>"; };
		18A4D4D228D3830F00BA2793 /* SelectExpenseTypeViewModel.swift */ = {isa = PBXFileReference; lastKnownFileType = sourcecode.swift; path = SelectExpenseTypeViewModel.swift; sourceTree = "<group>"; };
		18A4D4D528D383DD00BA2793 /* ExpenseTypeView.swift */ = {isa = PBXFileReference; lastKnownFileType = sourcecode.swift; path = ExpenseTypeView.swift; sourceTree = "<group>"; };
		18A4D4D728D384BA00BA2793 /* ExpenseCategory.swift */ = {isa = PBXFileReference; lastKnownFileType = sourcecode.swift; path = ExpenseCategory.swift; sourceTree = "<group>"; };
		18A4D4DA28D47AD000BA2793 /* NewExpenseView.swift */ = {isa = PBXFileReference; lastKnownFileType = sourcecode.swift; path = NewExpenseView.swift; sourceTree = "<group>"; };
		18A4D4DC28D47AE300BA2793 /* NewExpenseViewModel.swift */ = {isa = PBXFileReference; lastKnownFileType = sourcecode.swift; path = NewExpenseViewModel.swift; sourceTree = "<group>"; };
		18A861B228FD6D5E0056D748 /* DocumentPublisher.swift */ = {isa = PBXFileReference; lastKnownFileType = sourcecode.swift; path = DocumentPublisher.swift; sourceTree = "<group>"; };
		18A861B528FD733F0056D748 /* GroupView.swift */ = {isa = PBXFileReference; lastKnownFileType = sourcecode.swift; path = GroupView.swift; sourceTree = "<group>"; };
		18BA855428CA3E3300F8DC2A /* Constants.swift */ = {isa = PBXFileReference; lastKnownFileType = sourcecode.swift; path = Constants.swift; sourceTree = "<group>"; };
		18BA855628CA48B700F8DC2A /* AppState.swift */ = {isa = PBXFileReference; lastKnownFileType = sourcecode.swift; path = AppState.swift; sourceTree = "<group>"; };
		18BA855928CB301600F8DC2A /* SplashView.swift */ = {isa = PBXFileReference; lastKnownFileType = sourcecode.swift; path = SplashView.swift; sourceTree = "<group>"; };
		18C0338729018D2C0040DBBE /* Color+Ext.swift */ = {isa = PBXFileReference; lastKnownFileType = sourcecode.swift; path = "Color+Ext.swift"; sourceTree = "<group>"; };
		18C033892902AE6F0040DBBE /* ExpenseType.swift */ = {isa = PBXFileReference; lastKnownFileType = sourcecode.swift; path = ExpenseType.swift; sourceTree = "<group>"; };
		18C4F27129142BCC000E8136 /* ExpenseDetails_UITests.swift */ = {isa = PBXFileReference; lastKnownFileType = sourcecode.swift; path = ExpenseDetails_UITests.swift; sourceTree = "<group>"; };
		18D018DB2912815100A0971C /* ExpenseDetailsViewModel_Tests.swift */ = {isa = PBXFileReference; lastKnownFileType = sourcecode.swift; path = ExpenseDetailsViewModel_Tests.swift; sourceTree = "<group>"; };
		18D49A3128F08CB60022087D /* ExpensesService.swift */ = {isa = PBXFileReference; lastKnownFileType = sourcecode.swift; path = ExpensesService.swift; sourceTree = "<group>"; };
		18D49A3328F091E40022087D /* ExpenseModel.swift */ = {isa = PBXFileReference; lastKnownFileType = sourcecode.swift; path = ExpenseModel.swift; sourceTree = "<group>"; };
		18E6EF7D28F8542D0061DE8D /* ChooseGroupView.swift */ = {isa = PBXFileReference; lastKnownFileType = sourcecode.swift; path = ChooseGroupView.swift; sourceTree = "<group>"; };
		18E6EF7F28F8543B0061DE8D /* ChooseGroupViewModel.swift */ = {isa = PBXFileReference; lastKnownFileType = sourcecode.swift; path = ChooseGroupViewModel.swift; sourceTree = "<group>"; };
		18E6EF8128F85B210061DE8D /* GroupModel.swift */ = {isa = PBXFileReference; lastKnownFileType = sourcecode.swift; path = GroupModel.swift; sourceTree = "<group>"; };
		18E6EF8328F85DC60061DE8D /* GroupsService.swift */ = {isa = PBXFileReference; lastKnownFileType = sourcecode.swift; path = GroupsService.swift; sourceTree = "<group>"; };
		18E6EF8528F884B30061DE8D /* UserInfoModel.swift */ = {isa = PBXFileReference; lastKnownFileType = sourcecode.swift; path = UserInfoModel.swift; sourceTree = "<group>"; };
		18E6EF8828F9B3480061DE8D /* Clearable.swift */ = {isa = PBXFileReference; lastKnownFileType = sourcecode.swift; path = Clearable.swift; sourceTree = "<group>"; };
		18F728D328B91057002D071F /* HonestMate.app */ = {isa = PBXFileReference; explicitFileType = wrapper.application; includeInIndex = 0; path = HonestMate.app; sourceTree = BUILT_PRODUCTS_DIR; };
		18F728D628B91057002D071F /* HonestMateApp.swift */ = {isa = PBXFileReference; lastKnownFileType = sourcecode.swift; path = HonestMateApp.swift; sourceTree = "<group>"; };
		18F728D828B91057002D071F /* ContentView.swift */ = {isa = PBXFileReference; lastKnownFileType = sourcecode.swift; path = ContentView.swift; sourceTree = "<group>"; };
		18F728DA28B91059002D071F /* Assets.xcassets */ = {isa = PBXFileReference; lastKnownFileType = folder.assetcatalog; path = Assets.xcassets; sourceTree = "<group>"; };
		18F728DD28B91059002D071F /* Preview Assets.xcassets */ = {isa = PBXFileReference; lastKnownFileType = folder.assetcatalog; path = "Preview Assets.xcassets"; sourceTree = "<group>"; };
		18F728E328B91059002D071F /* HonestMateTests.xctest */ = {isa = PBXFileReference; explicitFileType = wrapper.cfbundle; includeInIndex = 0; path = HonestMateTests.xctest; sourceTree = BUILT_PRODUCTS_DIR; };
		18F728E728B91059002D071F /* HonestMateTests.swift */ = {isa = PBXFileReference; lastKnownFileType = sourcecode.swift; path = HonestMateTests.swift; sourceTree = "<group>"; };
		18F728ED28B91059002D071F /* HonestMateUITests.xctest */ = {isa = PBXFileReference; explicitFileType = wrapper.cfbundle; includeInIndex = 0; path = HonestMateUITests.xctest; sourceTree = BUILT_PRODUCTS_DIR; };
		18F728F328B91059002D071F /* HonestMateUITestsLaunchTests.swift */ = {isa = PBXFileReference; lastKnownFileType = sourcecode.swift; path = HonestMateUITestsLaunchTests.swift; sourceTree = "<group>"; };
		18F7290228BCB2B6002D071F /* pullRequest.yml */ = {isa = PBXFileReference; lastKnownFileType = text.yaml; name = pullRequest.yml; path = ../../.github/workflows/pullRequest.yml; sourceTree = "<group>"; };
		18F7290428BCB383002D071F /* Gemfile */ = {isa = PBXFileReference; lastKnownFileType = text; path = Gemfile; sourceTree = "<group>"; };
		18F7290728BCB432002D071F /* Fastfile */ = {isa = PBXFileReference; lastKnownFileType = text; path = Fastfile; sourceTree = "<group>"; };
		18F7290928BCB4E6002D071F /* Scanfile */ = {isa = PBXFileReference; lastKnownFileType = text; path = Scanfile; sourceTree = "<group>"; };
		57DEE5941C469C4ECE803DA1 /* Pods-HonestMate.release.xcconfig */ = {isa = PBXFileReference; includeInIndex = 1; lastKnownFileType = text.xcconfig; name = "Pods-HonestMate.release.xcconfig"; path = "Target Support Files/Pods-HonestMate/Pods-HonestMate.release.xcconfig"; sourceTree = "<group>"; };
		6DEF034396991C14F7A72AB4 /* Pods-HonestMate-HonestMateUITests.debug.xcconfig */ = {isa = PBXFileReference; includeInIndex = 1; lastKnownFileType = text.xcconfig; name = "Pods-HonestMate-HonestMateUITests.debug.xcconfig"; path = "Target Support Files/Pods-HonestMate-HonestMateUITests/Pods-HonestMate-HonestMateUITests.debug.xcconfig"; sourceTree = "<group>"; };
		71B83DD27872A4B4968D0AEA /* Pods_HonestMate_HonestMateUITests.framework */ = {isa = PBXFileReference; explicitFileType = wrapper.framework; includeInIndex = 0; path = Pods_HonestMate_HonestMateUITests.framework; sourceTree = BUILT_PRODUCTS_DIR; };
		9F1B7FAD4CDB2A1A0E410078 /* Pods-HonestMateTests.debug.xcconfig */ = {isa = PBXFileReference; includeInIndex = 1; lastKnownFileType = text.xcconfig; name = "Pods-HonestMateTests.debug.xcconfig"; path = "Target Support Files/Pods-HonestMateTests/Pods-HonestMateTests.debug.xcconfig"; sourceTree = "<group>"; };
		A2FCFA54BB2EFE4120524488 /* Pods-HonestMateTests.release.xcconfig */ = {isa = PBXFileReference; includeInIndex = 1; lastKnownFileType = text.xcconfig; name = "Pods-HonestMateTests.release.xcconfig"; path = "Target Support Files/Pods-HonestMateTests/Pods-HonestMateTests.release.xcconfig"; sourceTree = "<group>"; };
		CFED40C5DE85C4499F827741 /* Pods_HonestMate.framework */ = {isa = PBXFileReference; explicitFileType = wrapper.framework; includeInIndex = 0; path = Pods_HonestMate.framework; sourceTree = BUILT_PRODUCTS_DIR; };
		EA86CED303E58CDCBA2ABE28 /* Pods-HonestMate-HonestMateUITests.release.xcconfig */ = {isa = PBXFileReference; includeInIndex = 1; lastKnownFileType = text.xcconfig; name = "Pods-HonestMate-HonestMateUITests.release.xcconfig"; path = "Target Support Files/Pods-HonestMate-HonestMateUITests/Pods-HonestMate-HonestMateUITests.release.xcconfig"; sourceTree = "<group>"; };
/* End PBXFileReference section */

/* Begin PBXFrameworksBuildPhase section */
		18F728D028B91057002D071F /* Frameworks */ = {
			isa = PBXFrameworksBuildPhase;
			buildActionMask = 2147483647;
			files = (
				9DEBB23499EC31FB2CDD0666 /* Pods_HonestMate.framework in Frameworks */,
			);
			runOnlyForDeploymentPostprocessing = 0;
		};
		18F728E028B91059002D071F /* Frameworks */ = {
			isa = PBXFrameworksBuildPhase;
			buildActionMask = 2147483647;
			files = (
				10D45721496F509CA15C305A /* Pods_HonestMateTests.framework in Frameworks */,
			);
			runOnlyForDeploymentPostprocessing = 0;
		};
		18F728EA28B91059002D071F /* Frameworks */ = {
			isa = PBXFrameworksBuildPhase;
			buildActionMask = 2147483647;
			files = (
				233B6CB5D2377C543375E3EC /* Pods_HonestMate_HonestMateUITests.framework in Frameworks */,
			);
			runOnlyForDeploymentPostprocessing = 0;
		};
/* End PBXFrameworksBuildPhase section */

/* Begin PBXGroup section */
		1816E42628FEB48F00BA9EE1 /* Navigation */ = {
			isa = PBXGroup;
			children = (
				1816E42428FEB24600BA9EE1 /* NavigationRoute.swift */,
				1816E42928FEB4DB00BA9EE1 /* HomeRoute.swift */,
				1816E42B28FEECA100BA9EE1 /* HistoryRoute.swift */,
				1816E42D28FEECB800BA9EE1 /* SignInRoute.swift */,
				1816E42F28FF007600BA9EE1 /* ProfileRoute.swift */,
			);
			path = Navigation;
			sourceTree = "<group>";
		};
		1816E43528FF121400BA9EE1 /* FirestoreModels */ = {
			isa = PBXGroup;
			children = (
				18A4D4D728D384BA00BA2793 /* ExpenseCategory.swift */,
				183543CC28D4C11800FDEEA2 /* MemberModel.swift */,
				18D49A3328F091E40022087D /* ExpenseModel.swift */,
				18E6EF8128F85B210061DE8D /* GroupModel.swift */,
				18E6EF8528F884B30061DE8D /* UserInfoModel.swift */,
			);
			path = FirestoreModels;
			sourceTree = "<group>";
		};
		1816E43628FF123900BA9EE1 /* Mocks */ = {
			isa = PBXGroup;
			children = (
				183543CE28D4C16F00FDEEA2 /* MockData.swift */,
			);
			path = Mocks;
			sourceTree = "<group>";
		};
		184791DA28C0CC8300BF9717 /* Other */ = {
			isa = PBXGroup;
			children = (
				184791EF28C1F88000BF9717 /* R.generated.swift */,
				184791DB28C0CCCB00BF9717 /* GoogleService-Info.plist */,
				184791F128C1F8BB00BF9717 /* Localizable.strings */,
				18BA855428CA3E3300F8DC2A /* Constants.swift */,
				185F422528CF34FF00628DDC /* appConfig.plist */,
				185F422728CF855B00628DDC /* EnvironmentConstants.swift */,
			);
			path = Other;
			sourceTree = "<group>";
		};
		184791E028C0F13500BF9717 /* Modules */ = {
			isa = PBXGroup;
			children = (
				184C4EAB2907FAB500F68E02 /* TabView */,
				184C4EAA2907FAAE00F68E02 /* New Group */,
				18BA855828CB2FFF00F8DC2A /* Splash */,
				1858E15028C60E8D00521ED8 /* MyEvents */,
				18A4D4CF28D382DC00BA2793 /* SelectExpenseType */,
				184C4EAC2907FDDE00F68E02 /* SelectPayer */,
				18A4D4D928D47ABF00BA2793 /* NewExpenseView */,
				184C4EB32908520600F68E02 /* ExpenseDetails */,
				185F422928CF882300628DDC /* SignIn */,
				18E6EF7C28F854100061DE8D /* ChooseGroup */,
				185F423D28D34E7800628DDC /* History */,
				185F423A28D34E5E00628DDC /* MyProfile */,
			);
			path = Modules;
			sourceTree = "<group>";
		};
		184791E628C108ED00BF9717 /* Extension */ = {
			isa = PBXGroup;
			children = (
				183543D228D8B13900FDEEA2 /* UIApplication+Ext.swift */,
				184791E728C1090000BF9717 /* RSwift+Ext.swift */,
				183543D428D9BA3400FDEEA2 /* Binding+Ext.swift */,
				1816E4382900141800BA9EE1 /* View+Ext.swift */,
				1816E43A29004B3200BA9EE1 /* WeakAssign.swift */,
				18C0338729018D2C0040DBBE /* Color+Ext.swift */,
			);
			path = Extension;
			sourceTree = "<group>";
		};
		184791E928C109D400BF9717 /* Views */ = {
			isa = PBXGroup;
			children = (
				18A4D4D428D383D000BA2793 /* Views */,
				184791EC28C109E900BF9717 /* Buttons */,
			);
			path = Views;
			sourceTree = "<group>";
		};
		184791EC28C109E900BF9717 /* Buttons */ = {
			isa = PBXGroup;
			children = (
				184791EA28C109E400BF9717 /* RoundedTextButton.swift */,
			);
			path = Buttons;
			sourceTree = "<group>";
		};
		184791ED28C1F78600BF9717 /* Services */ = {
			isa = PBXGroup;
			children = (
				185F423528D3277F00628DDC /* Mocks */,
				185F422428CB952600628DDC /* Cores */,
				184791F328C206C400BF9717 /* AuthService.swift */,
				185F421428CB44A700628DDC /* RemoteConfigService.swift */,
				18D49A3128F08CB60022087D /* ExpensesService.swift */,
				18E6EF8328F85DC60061DE8D /* GroupsService.swift */,
			);
			path = Services;
			sourceTree = "<group>";
		};
		184C4EAA2907FAAE00F68E02 /* New Group */ = {
			isa = PBXGroup;
			children = (
			);
			path = "New Group";
			sourceTree = "<group>";
		};
		184C4EAB2907FAB500F68E02 /* TabView */ = {
			isa = PBXGroup;
			children = (
				185F423828D34DD700628DDC /* HonestMateTabView.swift */,
				184C4EA82907F85000F68E02 /* HonestMateTabViewModel.swift */,
			);
			path = TabView;
			sourceTree = "<group>";
		};
		184C4EAC2907FDDE00F68E02 /* SelectPayer */ = {
			isa = PBXGroup;
			children = (
				184C4EAD2907FDF400F68E02 /* SelectPayerView.swift */,
				184C4EAF2907FE0300F68E02 /* SelectPayerViewModel.swift */,
			);
			path = SelectPayer;
			sourceTree = "<group>";
		};
		184C4EB32908520600F68E02 /* ExpenseDetails */ = {
			isa = PBXGroup;
			children = (
				184C4EB42908522100F68E02 /* ExpenseDetailsView.swift */,
				184C4EB62908522D00F68E02 /* ExpenseDetailsViewModel.swift */,
			);
			path = ExpenseDetails;
			sourceTree = "<group>";
		};
		1858A1BB28C21A870039246A /* Models */ = {
			isa = PBXGroup;
			children = (
				1816E43628FF123900BA9EE1 /* Mocks */,
				1816E43528FF121400BA9EE1 /* FirestoreModels */,
				1816E42628FEB48F00BA9EE1 /* Navigation */,
				1858A1BC28C21A940039246A /* AlertItem.swift */,
				185F421C28CB8F1000628DDC /* AppConfig.swift */,
				182466B228F6F89100572A11 /* UserIdentifier.swift */,
				182466B428F6F8CC00572A11 /* UserName.swift */,
				18C033892902AE6F0040DBBE /* ExpenseType.swift */,
				184C4EA62907DF3300F68E02 /* BalanceModel.swift */,
			);
			path = Models;
			sourceTree = "<group>";
		};
		1858E14D28C605FA00521ED8 /* Modifiers */ = {
			isa = PBXGroup;
			children = (
				1858E14E28C6061400521ED8 /* TextFieldCustomRoundStyle.swift */,
			);
			path = Modifiers;
			sourceTree = "<group>";
		};
		1858E15028C60E8D00521ED8 /* MyEvents */ = {
			isa = PBXGroup;
			children = (
				1858E15128C60EBA00521ED8 /* MyEventsView.swift */,
				1858E15328C60F0B00521ED8 /* MyEventsViewModel.swift */,
			);
			path = MyEvents;
			sourceTree = "<group>";
		};
		185F422428CB952600628DDC /* Cores */ = {
			isa = PBXGroup;
			children = (
				1816E43128FF08B200BA9EE1 /* NavigationState.swift */,
				18BA855628CA48B700F8DC2A /* AppState.swift */,
			);
			path = Cores;
			sourceTree = "<group>";
		};
		185F422928CF882300628DDC /* SignIn */ = {
			isa = PBXGroup;
			children = (
				184791E128C0F14C00BF9717 /* SignInView.swift */,
				184791E328C0F16C00BF9717 /* SignInViewModel.swift */,
			);
			path = SignIn;
			sourceTree = "<group>";
		};
		185F423528D3277F00628DDC /* Mocks */ = {
			isa = PBXGroup;
			children = (
				185F423128D31C1000628DDC /* AuthServiceMock.swift */,
				185F422F28D21F7800628DDC /* RemoteConfigMock.swift */,
				185F423328D323BE00628DDC /* AppStateMock.swift */,
				1888B698290BF1F3004C90A5 /* GroupsServiceMock.swift */,
				1888B69A290BF40B004C90A5 /* ExpensesServiceMock.swift */,
				1888B69C290FE1DD004C90A5 /* NavigationStateMock.swift */,
			);
			path = Mocks;
			sourceTree = "<group>";
		};
		185F423A28D34E5E00628DDC /* MyProfile */ = {
			isa = PBXGroup;
			children = (
				185F423B28D34E6F00628DDC /* MyProfileView.swift */,
				185F424028D35C2500628DDC /* MyProfileViewModel.swift */,
			);
			path = MyProfile;
			sourceTree = "<group>";
		};
		185F423D28D34E7800628DDC /* History */ = {
			isa = PBXGroup;
			children = (
				1879862628F5CC8300E5AC34 /* Cells */,
				185F423E28D34E9000628DDC /* HistoryView.swift */,
				182466A928F5D54500572A11 /* HistoryViewModel.swift */,
			);
			path = History;
			sourceTree = "<group>";
		};
		186FD74328C79D2D004B5156 /* Publishers */ = {
			isa = PBXGroup;
			children = (
				186FD74428C79D39004B5156 /* AuthPublisher.swift */,
				182466AD28F6B2F700572A11 /* SnapshotPublisher.swift */,
				18A861B228FD6D5E0056D748 /* DocumentPublisher.swift */,
			);
			path = Publishers;
			sourceTree = "<group>";
		};
		1879862628F5CC8300E5AC34 /* Cells */ = {
			isa = PBXGroup;
			children = (
				1879862728F5CC9600E5AC34 /* HistoryItemView.swift */,
			);
			path = Cells;
			sourceTree = "<group>";
		};
		18A4D4CF28D382DC00BA2793 /* SelectExpenseType */ = {
			isa = PBXGroup;
			children = (
				18A4D4D028D3830000BA2793 /* SelectExpenseTypeView.swift */,
				18A4D4D228D3830F00BA2793 /* SelectExpenseTypeViewModel.swift */,
			);
			path = SelectExpenseType;
			sourceTree = "<group>";
		};
		18A4D4D428D383D000BA2793 /* Views */ = {
			isa = PBXGroup;
			children = (
				18A4D4D528D383DD00BA2793 /* ExpenseTypeView.swift */,
				183543CA28D4C0E400FDEEA2 /* ReceiverView.swift */,
				183543D028D4C26A00FDEEA2 /* CheckboxView.swift */,
				184C4EB12908269900F68E02 /* PayerView.swift */,
				181AB52B290945DF00645AC8 /* BasicDivider.swift */,
				181AB52D2909492300645AC8 /* DetailView.swift */,
			);
			path = Views;
			sourceTree = "<group>";
		};
		18A4D4D928D47ABF00BA2793 /* NewExpenseView */ = {
			isa = PBXGroup;
			children = (
				18A4D4DA28D47AD000BA2793 /* NewExpenseView.swift */,
				18A4D4DC28D47AE300BA2793 /* NewExpenseViewModel.swift */,
			);
			path = NewExpenseView;
			sourceTree = "<group>";
		};
		18A861B428FD73330056D748 /* Cells */ = {
			isa = PBXGroup;
			children = (
				18A861B528FD733F0056D748 /* GroupView.swift */,
			);
			path = Cells;
			sourceTree = "<group>";
		};
		18BA855828CB2FFF00F8DC2A /* Splash */ = {
			isa = PBXGroup;
			children = (
				18BA855928CB301600F8DC2A /* SplashView.swift */,
				185F421A28CB867B00628DDC /* SplashViewModel.swift */,
			);
			path = Splash;
			sourceTree = "<group>";
		};
		18E6EF7C28F854100061DE8D /* ChooseGroup */ = {
			isa = PBXGroup;
			children = (
				18A861B428FD73330056D748 /* Cells */,
				18E6EF7D28F8542D0061DE8D /* ChooseGroupView.swift */,
				18E6EF7F28F8543B0061DE8D /* ChooseGroupViewModel.swift */,
			);
			path = ChooseGroup;
			sourceTree = "<group>";
		};
		18E6EF8728F9B33D0061DE8D /* Protocols */ = {
			isa = PBXGroup;
			children = (
				18E6EF8828F9B3480061DE8D /* Clearable.swift */,
				1816E43328FF0ED000BA9EE1 /* AnyCancellable.swift */,
			);
			path = Protocols;
			sourceTree = "<group>";
		};
		18F728CA28B91056002D071F = {
			isa = PBXGroup;
			children = (
				18F7290628BCB421002D071F /* Fastlane */,
				18F7290428BCB383002D071F /* Gemfile */,
				18F7290028BCB281002D071F /* github */,
				18F728D528B91057002D071F /* HonestMate */,
				18F728E628B91059002D071F /* HonestMateTests */,
				18F728F028B91059002D071F /* HonestMateUITests */,
				18F728D428B91057002D071F /* Products */,
				F7428F4522DE4F81DC06353E /* Pods */,
				1BD98258FA8CF8D877922810 /* Frameworks */,
			);
			sourceTree = "<group>";
		};
		18F728D428B91057002D071F /* Products */ = {
			isa = PBXGroup;
			children = (
				18F728D328B91057002D071F /* HonestMate.app */,
				18F728E328B91059002D071F /* HonestMateTests.xctest */,
				18F728ED28B91059002D071F /* HonestMateUITests.xctest */,
			);
			name = Products;
			sourceTree = "<group>";
		};
		18F728D528B91057002D071F /* HonestMate */ = {
			isa = PBXGroup;
			children = (
				18E6EF8728F9B33D0061DE8D /* Protocols */,
				186FD74328C79D2D004B5156 /* Publishers */,
				1858E14D28C605FA00521ED8 /* Modifiers */,
				1858A1BB28C21A870039246A /* Models */,
				184791ED28C1F78600BF9717 /* Services */,
				184791E928C109D400BF9717 /* Views */,
				184791E628C108ED00BF9717 /* Extension */,
				184791E028C0F13500BF9717 /* Modules */,
				184791DA28C0CC8300BF9717 /* Other */,
				18F728D628B91057002D071F /* HonestMateApp.swift */,
				18F728D828B91057002D071F /* ContentView.swift */,
				18F728DA28B91059002D071F /* Assets.xcassets */,
				18F728DC28B91059002D071F /* Preview Content */,
				184791DE28C0EFB800BF9717 /* HotestMateApp+Resolving.swift */,
			);
			path = HonestMate;
			sourceTree = "<group>";
		};
		18F728DC28B91059002D071F /* Preview Content */ = {
			isa = PBXGroup;
			children = (
				18F728DD28B91059002D071F /* Preview Assets.xcassets */,
			);
			path = "Preview Content";
			sourceTree = "<group>";
		};
		18F728E628B91059002D071F /* HonestMateTests */ = {
			isa = PBXGroup;
			children = (
				18F728E728B91059002D071F /* HonestMateTests.swift */,
				185F423628D3374700628DDC /* SignInViewModel_Tests.swift */,
				1888B696290BF0CC004C90A5 /* HistoryViewModel_Tests.swift */,
				18D018DB2912815100A0971C /* ExpenseDetailsViewModel_Tests.swift */,
			);
			path = HonestMateTests;
			sourceTree = "<group>";
		};
		18F728F028B91059002D071F /* HonestMateUITests */ = {
			isa = PBXGroup;
			children = (
				18F728F328B91059002D071F /* HonestMateUITestsLaunchTests.swift */,
				185F422A28D0DCDE00628DDC /* SignInView_UITests.swift */,
				1809E98A2913CD2F000AC4D6 /* HistoryView_UITests.swift */,
				18C4F27129142BCC000E8136 /* ExpenseDetails_UITests.swift */,
			);
			path = HonestMateUITests;
			sourceTree = "<group>";
		};
		18F7290028BCB281002D071F /* github */ = {
			isa = PBXGroup;
			children = (
				18F7290128BCB297002D071F /* workflows */,
			);
			name = github;
			path = .github;
			sourceTree = "<group>";
		};
		18F7290128BCB297002D071F /* workflows */ = {
			isa = PBXGroup;
			children = (
				18F7290228BCB2B6002D071F /* pullRequest.yml */,
			);
			path = workflows;
			sourceTree = "<group>";
		};
		18F7290628BCB421002D071F /* Fastlane */ = {
			isa = PBXGroup;
			children = (
				18F7290728BCB432002D071F /* Fastfile */,
				18F7290928BCB4E6002D071F /* Scanfile */,
			);
			path = Fastlane;
			sourceTree = "<group>";
		};
		1BD98258FA8CF8D877922810 /* Frameworks */ = {
			isa = PBXGroup;
			children = (
				CFED40C5DE85C4499F827741 /* Pods_HonestMate.framework */,
				71B83DD27872A4B4968D0AEA /* Pods_HonestMate_HonestMateUITests.framework */,
				14048C7F83BC590EDFC6DC61 /* Pods_HonestMateTests.framework */,
			);
			name = Frameworks;
			sourceTree = "<group>";
		};
		F7428F4522DE4F81DC06353E /* Pods */ = {
			isa = PBXGroup;
			children = (
				0F446593694CA01444E1A173 /* Pods-HonestMate.debug.xcconfig */,
				57DEE5941C469C4ECE803DA1 /* Pods-HonestMate.release.xcconfig */,
				6DEF034396991C14F7A72AB4 /* Pods-HonestMate-HonestMateUITests.debug.xcconfig */,
				EA86CED303E58CDCBA2ABE28 /* Pods-HonestMate-HonestMateUITests.release.xcconfig */,
				9F1B7FAD4CDB2A1A0E410078 /* Pods-HonestMateTests.debug.xcconfig */,
				A2FCFA54BB2EFE4120524488 /* Pods-HonestMateTests.release.xcconfig */,
			);
			path = Pods;
			sourceTree = "<group>";
		};
/* End PBXGroup section */

/* Begin PBXNativeTarget section */
		18F728D228B91057002D071F /* HonestMate */ = {
			isa = PBXNativeTarget;
			buildConfigurationList = 18F728F728B91059002D071F /* Build configuration list for PBXNativeTarget "HonestMate" */;
			buildPhases = (
				471B637B5CE775D3FBBAC24E /* [CP] Check Pods Manifest.lock */,
				184791EE28C1F7F100BF9717 /* R.Swift */,
				18F728CF28B91057002D071F /* Sources */,
				18F728D028B91057002D071F /* Frameworks */,
				18F728D128B91057002D071F /* Resources */,
				F281FA5BCCAC76910303AC90 /* [CP] Embed Pods Frameworks */,
			);
			buildRules = (
			);
			dependencies = (
			);
			name = HonestMate;
			productName = HonestMate;
			productReference = 18F728D328B91057002D071F /* HonestMate.app */;
			productType = "com.apple.product-type.application";
		};
		18F728E228B91059002D071F /* HonestMateTests */ = {
			isa = PBXNativeTarget;
			buildConfigurationList = 18F728FA28B91059002D071F /* Build configuration list for PBXNativeTarget "HonestMateTests" */;
			buildPhases = (
				5DC65579DABACC0B35E212BC /* [CP] Check Pods Manifest.lock */,
				18F728DF28B91059002D071F /* Sources */,
				18F728E028B91059002D071F /* Frameworks */,
				18F728E128B91059002D071F /* Resources */,
			);
			buildRules = (
			);
			dependencies = (
				18F728E528B91059002D071F /* PBXTargetDependency */,
			);
			name = HonestMateTests;
			productName = HonestMateTests;
			productReference = 18F728E328B91059002D071F /* HonestMateTests.xctest */;
			productType = "com.apple.product-type.bundle.unit-test";
		};
		18F728EC28B91059002D071F /* HonestMateUITests */ = {
			isa = PBXNativeTarget;
			buildConfigurationList = 18F728FD28B91059002D071F /* Build configuration list for PBXNativeTarget "HonestMateUITests" */;
			buildPhases = (
				9CF36C448CC3E2A1A2FE10B2 /* [CP] Check Pods Manifest.lock */,
				18F728E928B91059002D071F /* Sources */,
				18F728EA28B91059002D071F /* Frameworks */,
				18F728EB28B91059002D071F /* Resources */,
				5CD8B0ED1646C9EC57D7D2B5 /* [CP] Embed Pods Frameworks */,
			);
			buildRules = (
			);
			dependencies = (
				18F728EF28B91059002D071F /* PBXTargetDependency */,
			);
			name = HonestMateUITests;
			productName = HonestMateUITests;
			productReference = 18F728ED28B91059002D071F /* HonestMateUITests.xctest */;
			productType = "com.apple.product-type.bundle.ui-testing";
		};
/* End PBXNativeTarget section */

/* Begin PBXProject section */
		18F728CB28B91056002D071F /* Project object */ = {
			isa = PBXProject;
			attributes = {
				BuildIndependentTargetsInParallel = 1;
				LastSwiftUpdateCheck = 1340;
				LastUpgradeCheck = 1340;
				TargetAttributes = {
					18F728D228B91057002D071F = {
						CreatedOnToolsVersion = 13.4.1;
					};
					18F728E228B91059002D071F = {
						CreatedOnToolsVersion = 13.4.1;
						TestTargetID = 18F728D228B91057002D071F;
					};
					18F728EC28B91059002D071F = {
						CreatedOnToolsVersion = 13.4.1;
						TestTargetID = 18F728D228B91057002D071F;
					};
				};
			};
			buildConfigurationList = 18F728CE28B91057002D071F /* Build configuration list for PBXProject "HonestMate" */;
			compatibilityVersion = "Xcode 13.0";
			developmentRegion = en;
			hasScannedForEncodings = 0;
			knownRegions = (
				en,
				Base,
			);
			mainGroup = 18F728CA28B91056002D071F;
			productRefGroup = 18F728D428B91057002D071F /* Products */;
			projectDirPath = "";
			projectRoot = "";
			targets = (
				18F728D228B91057002D071F /* HonestMate */,
				18F728E228B91059002D071F /* HonestMateTests */,
				18F728EC28B91059002D071F /* HonestMateUITests */,
			);
		};
/* End PBXProject section */

/* Begin PBXResourcesBuildPhase section */
		18F728D128B91057002D071F /* Resources */ = {
			isa = PBXResourcesBuildPhase;
			buildActionMask = 2147483647;
			files = (
				184791F228C1F8BB00BF9717 /* Localizable.strings in Resources */,
				185F422628CF350000628DDC /* appConfig.plist in Resources */,
				18F728DE28B91059002D071F /* Preview Assets.xcassets in Resources */,
				184791DC28C0CCCB00BF9717 /* GoogleService-Info.plist in Resources */,
				18F728DB28B91059002D071F /* Assets.xcassets in Resources */,
				18F7290328BCB2B6002D071F /* pullRequest.yml in Resources */,
			);
			runOnlyForDeploymentPostprocessing = 0;
		};
		18F728E128B91059002D071F /* Resources */ = {
			isa = PBXResourcesBuildPhase;
			buildActionMask = 2147483647;
			files = (
			);
			runOnlyForDeploymentPostprocessing = 0;
		};
		18F728EB28B91059002D071F /* Resources */ = {
			isa = PBXResourcesBuildPhase;
			buildActionMask = 2147483647;
			files = (
			);
			runOnlyForDeploymentPostprocessing = 0;
		};
/* End PBXResourcesBuildPhase section */

/* Begin PBXShellScriptBuildPhase section */
		184791EE28C1F7F100BF9717 /* R.Swift */ = {
			isa = PBXShellScriptBuildPhase;
			alwaysOutOfDate = 1;
			buildActionMask = 2147483647;
			files = (
			);
			inputFileListPaths = (
			);
			inputPaths = (
			);
			name = R.Swift;
			outputFileListPaths = (
			);
			outputPaths = (
			);
			runOnlyForDeploymentPostprocessing = 0;
			shellPath = /bin/sh;
			shellScript = "\"$PODS_ROOT/R.swift/rswift\" generate \"$SRCROOT/HonestMate/Other/R.generated.swift\"\n";
		};
		471B637B5CE775D3FBBAC24E /* [CP] Check Pods Manifest.lock */ = {
			isa = PBXShellScriptBuildPhase;
			buildActionMask = 2147483647;
			files = (
			);
			inputFileListPaths = (
			);
			inputPaths = (
				"${PODS_PODFILE_DIR_PATH}/Podfile.lock",
				"${PODS_ROOT}/Manifest.lock",
			);
			name = "[CP] Check Pods Manifest.lock";
			outputFileListPaths = (
			);
			outputPaths = (
				"$(DERIVED_FILE_DIR)/Pods-HonestMate-checkManifestLockResult.txt",
			);
			runOnlyForDeploymentPostprocessing = 0;
			shellPath = /bin/sh;
			shellScript = "diff \"${PODS_PODFILE_DIR_PATH}/Podfile.lock\" \"${PODS_ROOT}/Manifest.lock\" > /dev/null\nif [ $? != 0 ] ; then\n    # print error to STDERR\n    echo \"error: The sandbox is not in sync with the Podfile.lock. Run 'pod install' or update your CocoaPods installation.\" >&2\n    exit 1\nfi\n# This output is used by Xcode 'outputs' to avoid re-running this script phase.\necho \"SUCCESS\" > \"${SCRIPT_OUTPUT_FILE_0}\"\n";
			showEnvVarsInLog = 0;
		};
		5CD8B0ED1646C9EC57D7D2B5 /* [CP] Embed Pods Frameworks */ = {
			isa = PBXShellScriptBuildPhase;
			buildActionMask = 2147483647;
			files = (
			);
			inputFileListPaths = (
				"${PODS_ROOT}/Target Support Files/Pods-HonestMate-HonestMateUITests/Pods-HonestMate-HonestMateUITests-frameworks-${CONFIGURATION}-input-files.xcfilelist",
			);
			name = "[CP] Embed Pods Frameworks";
			outputFileListPaths = (
				"${PODS_ROOT}/Target Support Files/Pods-HonestMate-HonestMateUITests/Pods-HonestMate-HonestMateUITests-frameworks-${CONFIGURATION}-output-files.xcfilelist",
			);
			runOnlyForDeploymentPostprocessing = 0;
			shellPath = /bin/sh;
			shellScript = "\"${PODS_ROOT}/Target Support Files/Pods-HonestMate-HonestMateUITests/Pods-HonestMate-HonestMateUITests-frameworks.sh\"\n";
			showEnvVarsInLog = 0;
		};
		5DC65579DABACC0B35E212BC /* [CP] Check Pods Manifest.lock */ = {
			isa = PBXShellScriptBuildPhase;
			buildActionMask = 2147483647;
			files = (
			);
			inputFileListPaths = (
			);
			inputPaths = (
				"${PODS_PODFILE_DIR_PATH}/Podfile.lock",
				"${PODS_ROOT}/Manifest.lock",
			);
			name = "[CP] Check Pods Manifest.lock";
			outputFileListPaths = (
			);
			outputPaths = (
				"$(DERIVED_FILE_DIR)/Pods-HonestMateTests-checkManifestLockResult.txt",
			);
			runOnlyForDeploymentPostprocessing = 0;
			shellPath = /bin/sh;
			shellScript = "diff \"${PODS_PODFILE_DIR_PATH}/Podfile.lock\" \"${PODS_ROOT}/Manifest.lock\" > /dev/null\nif [ $? != 0 ] ; then\n    # print error to STDERR\n    echo \"error: The sandbox is not in sync with the Podfile.lock. Run 'pod install' or update your CocoaPods installation.\" >&2\n    exit 1\nfi\n# This output is used by Xcode 'outputs' to avoid re-running this script phase.\necho \"SUCCESS\" > \"${SCRIPT_OUTPUT_FILE_0}\"\n";
			showEnvVarsInLog = 0;
		};
		9CF36C448CC3E2A1A2FE10B2 /* [CP] Check Pods Manifest.lock */ = {
			isa = PBXShellScriptBuildPhase;
			buildActionMask = 2147483647;
			files = (
			);
			inputFileListPaths = (
			);
			inputPaths = (
				"${PODS_PODFILE_DIR_PATH}/Podfile.lock",
				"${PODS_ROOT}/Manifest.lock",
			);
			name = "[CP] Check Pods Manifest.lock";
			outputFileListPaths = (
			);
			outputPaths = (
				"$(DERIVED_FILE_DIR)/Pods-HonestMate-HonestMateUITests-checkManifestLockResult.txt",
			);
			runOnlyForDeploymentPostprocessing = 0;
			shellPath = /bin/sh;
			shellScript = "diff \"${PODS_PODFILE_DIR_PATH}/Podfile.lock\" \"${PODS_ROOT}/Manifest.lock\" > /dev/null\nif [ $? != 0 ] ; then\n    # print error to STDERR\n    echo \"error: The sandbox is not in sync with the Podfile.lock. Run 'pod install' or update your CocoaPods installation.\" >&2\n    exit 1\nfi\n# This output is used by Xcode 'outputs' to avoid re-running this script phase.\necho \"SUCCESS\" > \"${SCRIPT_OUTPUT_FILE_0}\"\n";
			showEnvVarsInLog = 0;
		};
		F281FA5BCCAC76910303AC90 /* [CP] Embed Pods Frameworks */ = {
			isa = PBXShellScriptBuildPhase;
			buildActionMask = 2147483647;
			files = (
			);
			inputFileListPaths = (
				"${PODS_ROOT}/Target Support Files/Pods-HonestMate/Pods-HonestMate-frameworks-${CONFIGURATION}-input-files.xcfilelist",
			);
			name = "[CP] Embed Pods Frameworks";
			outputFileListPaths = (
				"${PODS_ROOT}/Target Support Files/Pods-HonestMate/Pods-HonestMate-frameworks-${CONFIGURATION}-output-files.xcfilelist",
			);
			runOnlyForDeploymentPostprocessing = 0;
			shellPath = /bin/sh;
			shellScript = "\"${PODS_ROOT}/Target Support Files/Pods-HonestMate/Pods-HonestMate-frameworks.sh\"\n";
			showEnvVarsInLog = 0;
		};
/* End PBXShellScriptBuildPhase section */

/* Begin PBXSourcesBuildPhase section */
		18F728CF28B91057002D071F /* Sources */ = {
			isa = PBXSourcesBuildPhase;
			buildActionMask = 2147483647;
			files = (
				1816E4392900141800BA9EE1 /* View+Ext.swift in Sources */,
				1858E14F28C6061500521ED8 /* TextFieldCustomRoundStyle.swift in Sources */,
				185F421D28CB8F1000628DDC /* AppConfig.swift in Sources */,
				18BA855528CA3E3300F8DC2A /* Constants.swift in Sources */,
				184C4EA72907DF3300F68E02 /* BalanceModel.swift in Sources */,
				18F728D928B91057002D071F /* ContentView.swift in Sources */,
				1888B69B290BF40B004C90A5 /* ExpensesServiceMock.swift in Sources */,
				18D49A3228F08CB60022087D /* ExpensesService.swift in Sources */,
				181AB52E2909492300645AC8 /* DetailView.swift in Sources */,
				1816E43428FF0ED000BA9EE1 /* AnyCancellable.swift in Sources */,
				18C0338829018D2C0040DBBE /* Color+Ext.swift in Sources */,
				18F7290528BCB383002D071F /* Gemfile in Sources */,
				18E6EF8228F85B210061DE8D /* GroupModel.swift in Sources */,
				185F423028D21F7800628DDC /* RemoteConfigMock.swift in Sources */,
				1858E15228C60EBA00521ED8 /* MyEventsView.swift in Sources */,
				1816E43228FF08B200BA9EE1 /* NavigationState.swift in Sources */,
				181AB52C290945DF00645AC8 /* BasicDivider.swift in Sources */,
				182466AE28F6B2F700572A11 /* SnapshotPublisher.swift in Sources */,
				18F7290A28BCB4E6002D071F /* Scanfile in Sources */,
				183543D528D9BA3400FDEEA2 /* Binding+Ext.swift in Sources */,
				183543CF28D4C16F00FDEEA2 /* MockData.swift in Sources */,
				18A4D4D628D383DD00BA2793 /* ExpenseTypeView.swift in Sources */,
				184C4EB02907FE0300F68E02 /* SelectPayerViewModel.swift in Sources */,
				18A4D4DD28D47AE300BA2793 /* NewExpenseViewModel.swift in Sources */,
				184C4EB52908522100F68E02 /* ExpenseDetailsView.swift in Sources */,
				184C4EB72908522D00F68E02 /* ExpenseDetailsViewModel.swift in Sources */,
				185F423228D31C1000628DDC /* AuthServiceMock.swift in Sources */,
				18C0338A2902AE6F0040DBBE /* ExpenseType.swift in Sources */,
				18A4D4DB28D47AD000BA2793 /* NewExpenseView.swift in Sources */,
				185F423C28D34E6F00628DDC /* MyProfileView.swift in Sources */,
				18A861B628FD733F0056D748 /* GroupView.swift in Sources */,
				18BA855A28CB301600F8DC2A /* SplashView.swift in Sources */,
				184791F428C206C500BF9717 /* AuthService.swift in Sources */,
				18A861B328FD6D5E0056D748 /* DocumentPublisher.swift in Sources */,
				184C4EAE2907FDF400F68E02 /* SelectPayerView.swift in Sources */,
				18A4D4D828D384BA00BA2793 /* ExpenseCategory.swift in Sources */,
				183543D128D4C26A00FDEEA2 /* CheckboxView.swift in Sources */,
				1816E43B29004B3200BA9EE1 /* WeakAssign.swift in Sources */,
				1816E42528FEB24600BA9EE1 /* NavigationRoute.swift in Sources */,
				185F421528CB44A700628DDC /* RemoteConfigService.swift in Sources */,
				18E6EF7E28F8542D0061DE8D /* ChooseGroupView.swift in Sources */,
				182466B328F6F89100572A11 /* UserIdentifier.swift in Sources */,
				18F728D728B91057002D071F /* HonestMateApp.swift in Sources */,
				184791E428C0F16C00BF9717 /* SignInViewModel.swift in Sources */,
				1816E42A28FEB4DB00BA9EE1 /* HomeRoute.swift in Sources */,
				185F423F28D34E9000628DDC /* HistoryView.swift in Sources */,
				1888B69D290FE1DD004C90A5 /* NavigationStateMock.swift in Sources */,
				1879862828F5CC9600E5AC34 /* HistoryItemView.swift in Sources */,
				1816E43028FF007600BA9EE1 /* ProfileRoute.swift in Sources */,
				182466B528F6F8CC00572A11 /* UserName.swift in Sources */,
				1858A1BD28C21A940039246A /* AlertItem.swift in Sources */,
				18E6EF8928F9B3480061DE8D /* Clearable.swift in Sources */,
				18BA855728CA48B700F8DC2A /* AppState.swift in Sources */,
				185F423428D323BE00628DDC /* AppStateMock.swift in Sources */,
				184C4EB22908269900F68E02 /* PayerView.swift in Sources */,
				1816E42E28FEECB800BA9EE1 /* SignInRoute.swift in Sources */,
				18A4D4D128D3830000BA2793 /* SelectExpenseTypeView.swift in Sources */,
				182466AA28F5D54500572A11 /* HistoryViewModel.swift in Sources */,
				185F423928D34DD700628DDC /* HonestMateTabView.swift in Sources */,
				18A4D4D328D3830F00BA2793 /* SelectExpenseTypeViewModel.swift in Sources */,
				185F422828CF855B00628DDC /* EnvironmentConstants.swift in Sources */,
				185F424128D35C2500628DDC /* MyProfileViewModel.swift in Sources */,
				1858E15428C60F0B00521ED8 /* MyEventsViewModel.swift in Sources */,
				18E6EF8028F8543B0061DE8D /* ChooseGroupViewModel.swift in Sources */,
				18D49A3428F091E40022087D /* ExpenseModel.swift in Sources */,
				185F421B28CB867B00628DDC /* SplashViewModel.swift in Sources */,
				184791E828C1090000BF9717 /* RSwift+Ext.swift in Sources */,
				183543D328D8B13900FDEEA2 /* UIApplication+Ext.swift in Sources */,
				184C4EA92907F85000F68E02 /* HonestMateTabViewModel.swift in Sources */,
				18E6EF8428F85DC60061DE8D /* GroupsService.swift in Sources */,
				184791EB28C109E400BF9717 /* RoundedTextButton.swift in Sources */,
				184791E228C0F14C00BF9717 /* SignInView.swift in Sources */,
				1888B699290BF1F3004C90A5 /* GroupsServiceMock.swift in Sources */,
				183543CB28D4C0E400FDEEA2 /* ReceiverView.swift in Sources */,
				18F7290828BCB432002D071F /* Fastfile in Sources */,
				184791F028C1F88000BF9717 /* R.generated.swift in Sources */,
				186FD74528C79D39004B5156 /* AuthPublisher.swift in Sources */,
				184791DF28C0EFB800BF9717 /* HotestMateApp+Resolving.swift in Sources */,
				1816E42C28FEECA100BA9EE1 /* HistoryRoute.swift in Sources */,
				18E6EF8628F884B30061DE8D /* UserInfoModel.swift in Sources */,
				183543CD28D4C11800FDEEA2 /* MemberModel.swift in Sources */,
			);
			runOnlyForDeploymentPostprocessing = 0;
		};
		18F728DF28B91059002D071F /* Sources */ = {
			isa = PBXSourcesBuildPhase;
			buildActionMask = 2147483647;
			files = (
				185F423728D3374700628DDC /* SignInViewModel_Tests.swift in Sources */,
				18F728E828B91059002D071F /* HonestMateTests.swift in Sources */,
				18D018DC2912815100A0971C /* ExpenseDetailsViewModel_Tests.swift in Sources */,
				1888B697290BF0CC004C90A5 /* HistoryViewModel_Tests.swift in Sources */,
			);
			runOnlyForDeploymentPostprocessing = 0;
		};
		18F728E928B91059002D071F /* Sources */ = {
			isa = PBXSourcesBuildPhase;
			buildActionMask = 2147483647;
			files = (
				18F728F428B91059002D071F /* HonestMateUITestsLaunchTests.swift in Sources */,
				1809E98B2913CD2F000AC4D6 /* HistoryView_UITests.swift in Sources */,
				185F422B28D0DCDE00628DDC /* SignInView_UITests.swift in Sources */,
				185F422C28D0E0E800628DDC /* Constants.swift in Sources */,
				18C4F27229142BCC000E8136 /* ExpenseDetails_UITests.swift in Sources */,
			);
			runOnlyForDeploymentPostprocessing = 0;
		};
/* End PBXSourcesBuildPhase section */

/* Begin PBXTargetDependency section */
		18F728E528B91059002D071F /* PBXTargetDependency */ = {
			isa = PBXTargetDependency;
			target = 18F728D228B91057002D071F /* HonestMate */;
			targetProxy = 18F728E428B91059002D071F /* PBXContainerItemProxy */;
		};
		18F728EF28B91059002D071F /* PBXTargetDependency */ = {
			isa = PBXTargetDependency;
			target = 18F728D228B91057002D071F /* HonestMate */;
			targetProxy = 18F728EE28B91059002D071F /* PBXContainerItemProxy */;
		};
/* End PBXTargetDependency section */

/* Begin XCBuildConfiguration section */
		18F728F528B91059002D071F /* Debug */ = {
			isa = XCBuildConfiguration;
			buildSettings = {
				ALWAYS_SEARCH_USER_PATHS = NO;
				CLANG_ANALYZER_NONNULL = YES;
				CLANG_ANALYZER_NUMBER_OBJECT_CONVERSION = YES_AGGRESSIVE;
				CLANG_CXX_LANGUAGE_STANDARD = "gnu++17";
				CLANG_ENABLE_MODULES = YES;
				CLANG_ENABLE_OBJC_ARC = YES;
				CLANG_ENABLE_OBJC_WEAK = YES;
				CLANG_WARN_BLOCK_CAPTURE_AUTORELEASING = YES;
				CLANG_WARN_BOOL_CONVERSION = YES;
				CLANG_WARN_COMMA = YES;
				CLANG_WARN_CONSTANT_CONVERSION = YES;
				CLANG_WARN_DEPRECATED_OBJC_IMPLEMENTATIONS = YES;
				CLANG_WARN_DIRECT_OBJC_ISA_USAGE = YES_ERROR;
				CLANG_WARN_DOCUMENTATION_COMMENTS = YES;
				CLANG_WARN_EMPTY_BODY = YES;
				CLANG_WARN_ENUM_CONVERSION = YES;
				CLANG_WARN_INFINITE_RECURSION = YES;
				CLANG_WARN_INT_CONVERSION = YES;
				CLANG_WARN_NON_LITERAL_NULL_CONVERSION = YES;
				CLANG_WARN_OBJC_IMPLICIT_RETAIN_SELF = YES;
				CLANG_WARN_OBJC_LITERAL_CONVERSION = YES;
				CLANG_WARN_OBJC_ROOT_CLASS = YES_ERROR;
				CLANG_WARN_QUOTED_INCLUDE_IN_FRAMEWORK_HEADER = YES;
				CLANG_WARN_RANGE_LOOP_ANALYSIS = YES;
				CLANG_WARN_STRICT_PROTOTYPES = YES;
				CLANG_WARN_SUSPICIOUS_MOVE = YES;
				CLANG_WARN_UNGUARDED_AVAILABILITY = YES_AGGRESSIVE;
				CLANG_WARN_UNREACHABLE_CODE = YES;
				CLANG_WARN__DUPLICATE_METHOD_MATCH = YES;
				COPY_PHASE_STRIP = NO;
				DEBUG_INFORMATION_FORMAT = dwarf;
				ENABLE_STRICT_OBJC_MSGSEND = YES;
				ENABLE_TESTABILITY = YES;
				GCC_C_LANGUAGE_STANDARD = gnu11;
				GCC_DYNAMIC_NO_PIC = NO;
				GCC_NO_COMMON_BLOCKS = YES;
				GCC_OPTIMIZATION_LEVEL = 0;
				GCC_PREPROCESSOR_DEFINITIONS = (
					"DEBUG=1",
					"$(inherited)",
				);
				GCC_WARN_64_TO_32_BIT_CONVERSION = YES;
				GCC_WARN_ABOUT_RETURN_TYPE = YES_ERROR;
				GCC_WARN_UNDECLARED_SELECTOR = YES;
				GCC_WARN_UNINITIALIZED_AUTOS = YES_AGGRESSIVE;
				GCC_WARN_UNUSED_FUNCTION = YES;
				GCC_WARN_UNUSED_VARIABLE = YES;
				IPHONEOS_DEPLOYMENT_TARGET = 16.0;
				MTL_ENABLE_DEBUG_INFO = INCLUDE_SOURCE;
				MTL_FAST_MATH = YES;
				ONLY_ACTIVE_ARCH = YES;
				SDKROOT = iphoneos;
				SWIFT_ACTIVE_COMPILATION_CONDITIONS = DEBUG;
				SWIFT_OPTIMIZATION_LEVEL = "-Onone";
			};
			name = Debug;
		};
		18F728F628B91059002D071F /* Release */ = {
			isa = XCBuildConfiguration;
			buildSettings = {
				ALWAYS_SEARCH_USER_PATHS = NO;
				CLANG_ANALYZER_NONNULL = YES;
				CLANG_ANALYZER_NUMBER_OBJECT_CONVERSION = YES_AGGRESSIVE;
				CLANG_CXX_LANGUAGE_STANDARD = "gnu++17";
				CLANG_ENABLE_MODULES = YES;
				CLANG_ENABLE_OBJC_ARC = YES;
				CLANG_ENABLE_OBJC_WEAK = YES;
				CLANG_WARN_BLOCK_CAPTURE_AUTORELEASING = YES;
				CLANG_WARN_BOOL_CONVERSION = YES;
				CLANG_WARN_COMMA = YES;
				CLANG_WARN_CONSTANT_CONVERSION = YES;
				CLANG_WARN_DEPRECATED_OBJC_IMPLEMENTATIONS = YES;
				CLANG_WARN_DIRECT_OBJC_ISA_USAGE = YES_ERROR;
				CLANG_WARN_DOCUMENTATION_COMMENTS = YES;
				CLANG_WARN_EMPTY_BODY = YES;
				CLANG_WARN_ENUM_CONVERSION = YES;
				CLANG_WARN_INFINITE_RECURSION = YES;
				CLANG_WARN_INT_CONVERSION = YES;
				CLANG_WARN_NON_LITERAL_NULL_CONVERSION = YES;
				CLANG_WARN_OBJC_IMPLICIT_RETAIN_SELF = YES;
				CLANG_WARN_OBJC_LITERAL_CONVERSION = YES;
				CLANG_WARN_OBJC_ROOT_CLASS = YES_ERROR;
				CLANG_WARN_QUOTED_INCLUDE_IN_FRAMEWORK_HEADER = YES;
				CLANG_WARN_RANGE_LOOP_ANALYSIS = YES;
				CLANG_WARN_STRICT_PROTOTYPES = YES;
				CLANG_WARN_SUSPICIOUS_MOVE = YES;
				CLANG_WARN_UNGUARDED_AVAILABILITY = YES_AGGRESSIVE;
				CLANG_WARN_UNREACHABLE_CODE = YES;
				CLANG_WARN__DUPLICATE_METHOD_MATCH = YES;
				COPY_PHASE_STRIP = NO;
				DEBUG_INFORMATION_FORMAT = "dwarf-with-dsym";
				ENABLE_NS_ASSERTIONS = NO;
				ENABLE_STRICT_OBJC_MSGSEND = YES;
				GCC_C_LANGUAGE_STANDARD = gnu11;
				GCC_NO_COMMON_BLOCKS = YES;
				GCC_WARN_64_TO_32_BIT_CONVERSION = YES;
				GCC_WARN_ABOUT_RETURN_TYPE = YES_ERROR;
				GCC_WARN_UNDECLARED_SELECTOR = YES;
				GCC_WARN_UNINITIALIZED_AUTOS = YES_AGGRESSIVE;
				GCC_WARN_UNUSED_FUNCTION = YES;
				GCC_WARN_UNUSED_VARIABLE = YES;
				IPHONEOS_DEPLOYMENT_TARGET = 16.0;
				MTL_ENABLE_DEBUG_INFO = NO;
				MTL_FAST_MATH = YES;
				SDKROOT = iphoneos;
				SWIFT_COMPILATION_MODE = wholemodule;
				SWIFT_OPTIMIZATION_LEVEL = "-O";
				VALIDATE_PRODUCT = YES;
			};
			name = Release;
		};
		18F728F828B91059002D071F /* Debug */ = {
			isa = XCBuildConfiguration;
			baseConfigurationReference = 0F446593694CA01444E1A173 /* Pods-HonestMate.debug.xcconfig */;
			buildSettings = {
				ASSETCATALOG_COMPILER_APPICON_NAME = AppIcon;
				ASSETCATALOG_COMPILER_GLOBAL_ACCENT_COLOR_NAME = AccentColor;
				CODE_SIGN_STYLE = Automatic;
				CURRENT_PROJECT_VERSION = 1;
				DEVELOPMENT_ASSET_PATHS = "\"HonestMate/Preview Content\"";
				DEVELOPMENT_TEAM = 7WHGP9VV36;
				ENABLE_PREVIEWS = YES;
				GENERATE_INFOPLIST_FILE = YES;
				INFOPLIST_KEY_UIApplicationSceneManifest_Generation = YES;
				INFOPLIST_KEY_UIApplicationSupportsIndirectInputEvents = YES;
				INFOPLIST_KEY_UILaunchScreen_Generation = YES;
				INFOPLIST_KEY_UISupportedInterfaceOrientations = UIInterfaceOrientationPortrait;
				INFOPLIST_KEY_UISupportedInterfaceOrientations_iPad = "UIInterfaceOrientationPortrait UIInterfaceOrientationPortraitUpsideDown UIInterfaceOrientationLandscapeLeft UIInterfaceOrientationLandscapeRight";
				INFOPLIST_KEY_UISupportedInterfaceOrientations_iPhone = "UIInterfaceOrientationPortrait UIInterfaceOrientationLandscapeLeft UIInterfaceOrientationLandscapeRight";
				IPHONEOS_DEPLOYMENT_TARGET = 16.0;
				LD_RUNPATH_SEARCH_PATHS = (
					"$(inherited)",
					"@executable_path/Frameworks",
				);
				MARKETING_VERSION = 1.0;
				OTHER_LDFLAGS = (
					"$(inherited)",
					"-ObjC",
					"-l\"c++\"",
					"-l\"icucore\"",
					"-l\"sqlite3\"",
					"-l\"z\"",
					"-framework",
					"\"CFNetwork\"",
					"-framework",
					"\"CoreTelephony\"",
					"-framework",
					"\"FBLPromises\"",
					"-framework",
					"\"FirebaseABTesting\"",
					"-framework",
					"\"FirebaseAnalytics\"",
					"-framework",
					"\"FirebaseAppCheckInterop\"",
					"-framework",
					"\"FirebaseAuth\"",
					"-framework",
					"\"FirebaseAuthInterop\"",
					"-framework",
					"\"FirebaseCore\"",
					"-framework",
					"\"FirebaseCoreDiagnostics\"",
					"-framework",
					"\"FirebaseCoreExtension\"",
					"-framework",
					"\"FirebaseCoreInternal\"",
					"-framework",
					"\"FirebaseDatabase\"",
					"-framework",
					"\"FirebaseFirestore\"",
					"-framework",
					"\"FirebaseFirestoreSwift\"",
					"-framework",
					"\"FirebaseInstallations\"",
					"-framework",
					"\"FirebaseRemoteConfig\"",
					"-framework",
					"\"FirebaseStorage\"",
					"-framework",
					"\"FirebaseStorageInternal\"",
					"-framework",
					"\"Foundation\"",
					"-framework",
					"\"GTMSessionFetcher\"",
					"-framework",
					"\"GoogleAppMeasurement\"",
					"-framework",
					"\"GoogleAppMeasurementIdentitySupport\"",
					"-framework",
					"\"GoogleDataTransport\"",
					"-framework",
					"\"GoogleUtilities\"",
					"-framework",
					"\"Resolver\"",
					"-framework",
					"\"Rswift\"",
					"-framework",
					"\"SafariServices\"",
					"-framework",
					"\"Security\"",
					"-framework",
					"\"StoreKit\"",
					"-framework",
					"\"SystemConfiguration\"",
					"-framework",
					"\"UIKit\"",
					"-framework",
					"\"absl\"",
					"-framework",
					"\"grpc\"",
					"-framework",
					"\"grpcpp\"",
					"-framework",
					"\"leveldb\"",
					"-framework",
					"\"nanopb\"",
					"-framework",
					"\"openssl_grpc\"",
					"-framework",
					"\"uv\"",
					"-fprofile-instr-generate",
				);
				PRODUCT_BUNDLE_IDENTIFIER = com.huracheuskaya.HonestMate;
				PRODUCT_NAME = "$(TARGET_NAME)";
				SWIFT_EMIT_LOC_STRINGS = YES;
				SWIFT_VERSION = 5.0;
				TARGETED_DEVICE_FAMILY = 1;
			};
			name = Debug;
		};
		18F728F928B91059002D071F /* Release */ = {
			isa = XCBuildConfiguration;
			baseConfigurationReference = 57DEE5941C469C4ECE803DA1 /* Pods-HonestMate.release.xcconfig */;
			buildSettings = {
				ASSETCATALOG_COMPILER_APPICON_NAME = AppIcon;
				ASSETCATALOG_COMPILER_GLOBAL_ACCENT_COLOR_NAME = AccentColor;
				CODE_SIGN_STYLE = Automatic;
				CURRENT_PROJECT_VERSION = 1;
				DEVELOPMENT_ASSET_PATHS = "\"HonestMate/Preview Content\"";
				DEVELOPMENT_TEAM = 7WHGP9VV36;
				ENABLE_PREVIEWS = YES;
				ENABLE_TESTABILITY = YES;
				GENERATE_INFOPLIST_FILE = YES;
				INFOPLIST_KEY_UIApplicationSceneManifest_Generation = YES;
				INFOPLIST_KEY_UIApplicationSupportsIndirectInputEvents = YES;
				INFOPLIST_KEY_UILaunchScreen_Generation = YES;
				INFOPLIST_KEY_UISupportedInterfaceOrientations = UIInterfaceOrientationPortrait;
				INFOPLIST_KEY_UISupportedInterfaceOrientations_iPad = "UIInterfaceOrientationPortrait UIInterfaceOrientationPortraitUpsideDown UIInterfaceOrientationLandscapeLeft UIInterfaceOrientationLandscapeRight";
				INFOPLIST_KEY_UISupportedInterfaceOrientations_iPhone = "UIInterfaceOrientationPortrait UIInterfaceOrientationLandscapeLeft UIInterfaceOrientationLandscapeRight";
				IPHONEOS_DEPLOYMENT_TARGET = 16.0;
				LD_RUNPATH_SEARCH_PATHS = (
					"$(inherited)",
					"@executable_path/Frameworks",
				);
				MARKETING_VERSION = 1.0;
				OTHER_LDFLAGS = (
					"$(inherited)",
					"-ObjC",
					"-l\"c++\"",
					"-l\"icucore\"",
					"-l\"sqlite3\"",
					"-l\"z\"",
					"-framework",
					"\"CFNetwork\"",
					"-framework",
					"\"CoreTelephony\"",
					"-framework",
					"\"FBLPromises\"",
					"-framework",
					"\"FirebaseABTesting\"",
					"-framework",
					"\"FirebaseAnalytics\"",
					"-framework",
					"\"FirebaseAppCheckInterop\"",
					"-framework",
					"\"FirebaseAuth\"",
					"-framework",
					"\"FirebaseAuthInterop\"",
					"-framework",
					"\"FirebaseCore\"",
					"-framework",
					"\"FirebaseCoreDiagnostics\"",
					"-framework",
					"\"FirebaseCoreExtension\"",
					"-framework",
					"\"FirebaseCoreInternal\"",
					"-framework",
					"\"FirebaseDatabase\"",
					"-framework",
					"\"FirebaseFirestore\"",
					"-framework",
					"\"FirebaseFirestoreSwift\"",
					"-framework",
					"\"FirebaseInstallations\"",
					"-framework",
					"\"FirebaseRemoteConfig\"",
					"-framework",
					"\"FirebaseStorage\"",
					"-framework",
					"\"FirebaseStorageInternal\"",
					"-framework",
					"\"Foundation\"",
					"-framework",
					"\"GTMSessionFetcher\"",
					"-framework",
					"\"GoogleAppMeasurement\"",
					"-framework",
					"\"GoogleAppMeasurementIdentitySupport\"",
					"-framework",
					"\"GoogleDataTransport\"",
					"-framework",
					"\"GoogleUtilities\"",
					"-framework",
					"\"Resolver\"",
					"-framework",
					"\"Rswift\"",
					"-framework",
					"\"SafariServices\"",
					"-framework",
					"\"Security\"",
					"-framework",
					"\"StoreKit\"",
					"-framework",
					"\"SystemConfiguration\"",
					"-framework",
					"\"UIKit\"",
					"-framework",
					"\"absl\"",
					"-framework",
					"\"grpc\"",
					"-framework",
					"\"grpcpp\"",
					"-framework",
					"\"leveldb\"",
					"-framework",
					"\"nanopb\"",
					"-framework",
					"\"openssl_grpc\"",
					"-framework",
					"\"uv\"",
					"-fprofile-instr-generate",
				);
				PRODUCT_BUNDLE_IDENTIFIER = com.huracheuskaya.HonestMate;
				PRODUCT_NAME = "$(TARGET_NAME)";
				SWIFT_EMIT_LOC_STRINGS = YES;
				SWIFT_VERSION = 5.0;
				TARGETED_DEVICE_FAMILY = 1;
			};
			name = Release;
		};
		18F728FB28B91059002D071F /* Debug */ = {
			isa = XCBuildConfiguration;
			baseConfigurationReference = 9F1B7FAD4CDB2A1A0E410078 /* Pods-HonestMateTests.debug.xcconfig */;
			buildSettings = {
				ALWAYS_EMBED_SWIFT_STANDARD_LIBRARIES = YES;
				BUNDLE_LOADER = "$(TEST_HOST)";
				CODE_SIGN_STYLE = Automatic;
				CURRENT_PROJECT_VERSION = 1;
				DEVELOPMENT_TEAM = 7WHGP9VV36;
				GENERATE_INFOPLIST_FILE = YES;
				IPHONEOS_DEPLOYMENT_TARGET = 16.0;
				MARKETING_VERSION = 1.0;
				PRODUCT_BUNDLE_IDENTIFIER = huracheuskaya.HonestMateTests;
				PRODUCT_NAME = "$(TARGET_NAME)";
				SWIFT_EMIT_LOC_STRINGS = NO;
				SWIFT_VERSION = 5.0;
				TARGETED_DEVICE_FAMILY = "1,2";
				TEST_HOST = "$(BUILT_PRODUCTS_DIR)/HonestMate.app/HonestMate";
			};
			name = Debug;
		};
		18F728FC28B91059002D071F /* Release */ = {
			isa = XCBuildConfiguration;
			baseConfigurationReference = A2FCFA54BB2EFE4120524488 /* Pods-HonestMateTests.release.xcconfig */;
			buildSettings = {
				ALWAYS_EMBED_SWIFT_STANDARD_LIBRARIES = YES;
				BUNDLE_LOADER = "$(TEST_HOST)";
				CODE_SIGN_STYLE = Automatic;
				CURRENT_PROJECT_VERSION = 1;
				DEVELOPMENT_TEAM = 7WHGP9VV36;
				ENABLE_TESTABILITY = YES;
				GENERATE_INFOPLIST_FILE = YES;
				IPHONEOS_DEPLOYMENT_TARGET = 16.0;
				MARKETING_VERSION = 1.0;
				PRODUCT_BUNDLE_IDENTIFIER = huracheuskaya.HonestMateTests;
				PRODUCT_NAME = "$(TARGET_NAME)";
				SWIFT_EMIT_LOC_STRINGS = NO;
				SWIFT_VERSION = 5.0;
				TARGETED_DEVICE_FAMILY = "1,2";
				TEST_HOST = "$(BUILT_PRODUCTS_DIR)/HonestMate.app/HonestMate";
			};
			name = Release;
		};
		18F728FE28B91059002D071F /* Debug */ = {
			isa = XCBuildConfiguration;
			baseConfigurationReference = 6DEF034396991C14F7A72AB4 /* Pods-HonestMate-HonestMateUITests.debug.xcconfig */;
			buildSettings = {
				ALWAYS_EMBED_SWIFT_STANDARD_LIBRARIES = YES;
				CODE_SIGN_STYLE = Automatic;
				CURRENT_PROJECT_VERSION = 1;
				DEVELOPMENT_TEAM = 7WHGP9VV36;
				GENERATE_INFOPLIST_FILE = YES;
				IPHONEOS_DEPLOYMENT_TARGET = 16.0;
				MARKETING_VERSION = 1.0;
				PRODUCT_BUNDLE_IDENTIFIER = huracheuskaya.HonestMateUITests;
				PRODUCT_NAME = "$(TARGET_NAME)";
				SWIFT_EMIT_LOC_STRINGS = NO;
				SWIFT_VERSION = 5.0;
				TARGETED_DEVICE_FAMILY = "1,2";
				TEST_TARGET_NAME = HonestMate;
			};
			name = Debug;
		};
		18F728FF28B91059002D071F /* Release */ = {
			isa = XCBuildConfiguration;
			baseConfigurationReference = EA86CED303E58CDCBA2ABE28 /* Pods-HonestMate-HonestMateUITests.release.xcconfig */;
			buildSettings = {
				ALWAYS_EMBED_SWIFT_STANDARD_LIBRARIES = YES;
				CODE_SIGN_STYLE = Automatic;
				CURRENT_PROJECT_VERSION = 1;
				DEVELOPMENT_TEAM = 7WHGP9VV36;
				ENABLE_TESTABILITY = YES;
				GENERATE_INFOPLIST_FILE = YES;
				IPHONEOS_DEPLOYMENT_TARGET = 16.0;
				MARKETING_VERSION = 1.0;
				PRODUCT_BUNDLE_IDENTIFIER = huracheuskaya.HonestMateUITests;
				PRODUCT_NAME = "$(TARGET_NAME)";
				SWIFT_EMIT_LOC_STRINGS = NO;
				SWIFT_VERSION = 5.0;
				TARGETED_DEVICE_FAMILY = "1,2";
				TEST_TARGET_NAME = HonestMate;
			};
			name = Release;
		};
/* End XCBuildConfiguration section */

/* Begin XCConfigurationList section */
		18F728CE28B91057002D071F /* Build configuration list for PBXProject "HonestMate" */ = {
			isa = XCConfigurationList;
			buildConfigurations = (
				18F728F528B91059002D071F /* Debug */,
				18F728F628B91059002D071F /* Release */,
			);
			defaultConfigurationIsVisible = 0;
			defaultConfigurationName = Release;
		};
		18F728F728B91059002D071F /* Build configuration list for PBXNativeTarget "HonestMate" */ = {
			isa = XCConfigurationList;
			buildConfigurations = (
				18F728F828B91059002D071F /* Debug */,
				18F728F928B91059002D071F /* Release */,
			);
			defaultConfigurationIsVisible = 0;
			defaultConfigurationName = Release;
		};
		18F728FA28B91059002D071F /* Build configuration list for PBXNativeTarget "HonestMateTests" */ = {
			isa = XCConfigurationList;
			buildConfigurations = (
				18F728FB28B91059002D071F /* Debug */,
				18F728FC28B91059002D071F /* Release */,
			);
			defaultConfigurationIsVisible = 0;
			defaultConfigurationName = Release;
		};
		18F728FD28B91059002D071F /* Build configuration list for PBXNativeTarget "HonestMateUITests" */ = {
			isa = XCConfigurationList;
			buildConfigurations = (
				18F728FE28B91059002D071F /* Debug */,
				18F728FF28B91059002D071F /* Release */,
			);
			defaultConfigurationIsVisible = 0;
			defaultConfigurationName = Release;
		};
/* End XCConfigurationList section */
	};
	rootObject = 18F728CB28B91056002D071F /* Project object */;
}
